PODS:
  - boost-for-react-native (1.63.0)
  - CocoaAsyncSocket (7.6.5)
  - DoubleConversion (1.1.6)
  - EXApplication (3.2.0):
    - UMCore
  - EXConstants (11.0.1):
    - ExpoModulesCore
    - UMCore
  - EXErrorRecovery (2.2.0):
    - UMCore
  - EXFileSystem (11.1.3):
    - ExpoModulesCore
    - UMCore
  - EXFont (9.2.1):
    - ExpoModulesCore
    - UMCore
  - EXImageLoader (1.3.0):
    - React-Core
    - UMCore
    - UMImageLoaderInterface
  - EXKeepAwake (9.2.0):
    - UMCore
  - EXLinearGradient (9.0.0):
    - UMCore
  - EXPermissions (10.0.0):
    - UMCore
    - UMPermissionsInterface
  - ExpoModulesCore (0.2.0):
    - ExpoModulesCore/Core (= 0.2.0)
    - ExpoModulesCore/Interfaces (= 0.2.0)
    - UMCore
  - ExpoModulesCore/Core (0.2.0):
    - UMCore
  - ExpoModulesCore/Interfaces (0.2.0):
    - ExpoModulesCore/Core
    - UMCore
  - EXScreenOrientation (3.2.1):
    - React-Core
    - UMCore
  - EXSplashScreen (0.11.2):
    - React-Core
    - UMCore
  - FBLazyVector (0.64.2)
  - FBReactNativeSpec (0.64.2):
    - RCT-Folly (= 2020.01.13.00)
    - RCTRequired (= 0.64.2)
    - RCTTypeSafety (= 0.64.2)
    - React-Core (= 0.64.2)
    - React-jsi (= 0.64.2)
    - ReactCommon/turbomodule/core (= 0.64.2)
  - Flipper (0.75.1):
    - Flipper-Folly (~> 2.5)
    - Flipper-RSocket (~> 1.3)
  - Flipper-DoubleConversion (1.1.7)
  - Flipper-Folly (2.5.3):
    - boost-for-react-native
    - Flipper-DoubleConversion
    - Flipper-Glog
    - libevent (~> 2.1.12)
    - OpenSSL-Universal (= 1.1.180)
  - Flipper-Glog (0.3.6)
  - Flipper-PeerTalk (0.0.4)
  - Flipper-RSocket (1.3.1):
    - Flipper-Folly (~> 2.5)
  - FlipperKit (0.75.1):
    - FlipperKit/Core (= 0.75.1)
  - FlipperKit/Core (0.75.1):
    - Flipper (~> 0.75.1)
    - FlipperKit/CppBridge
    - FlipperKit/FBCxxFollyDynamicConvert
    - FlipperKit/FBDefines
    - FlipperKit/FKPortForwarding
  - FlipperKit/CppBridge (0.75.1):
    - Flipper (~> 0.75.1)
  - FlipperKit/FBCxxFollyDynamicConvert (0.75.1):
    - Flipper-Folly (~> 2.5)
  - FlipperKit/FBDefines (0.75.1)
  - FlipperKit/FKPortForwarding (0.75.1):
    - CocoaAsyncSocket (~> 7.6)
    - Flipper-PeerTalk (~> 0.0.4)
  - FlipperKit/FlipperKitHighlightOverlay (0.75.1)
  - FlipperKit/FlipperKitLayoutPlugin (0.75.1):
    - FlipperKit/Core
    - FlipperKit/FlipperKitHighlightOverlay
    - FlipperKit/FlipperKitLayoutTextSearchable
    - YogaKit (~> 1.18)
  - FlipperKit/FlipperKitLayoutTextSearchable (0.75.1)
  - FlipperKit/FlipperKitNetworkPlugin (0.75.1):
    - FlipperKit/Core
  - FlipperKit/FlipperKitReactPlugin (0.75.1):
    - FlipperKit/Core
  - FlipperKit/FlipperKitUserDefaultsPlugin (0.75.1):
    - FlipperKit/Core
  - FlipperKit/SKIOSNetworkPlugin (0.75.1):
    - FlipperKit/Core
    - FlipperKit/FlipperKitNetworkPlugin
  - glog (0.3.5)
  - libevent (2.1.12)
  - libwebp (1.2.0):
    - libwebp/demux (= 1.2.0)
    - libwebp/mux (= 1.2.0)
    - libwebp/webp (= 1.2.0)
  - libwebp/demux (1.2.0):
    - libwebp/webp
  - libwebp/mux (1.2.0):
    - libwebp/demux
  - libwebp/webp (1.2.0)
  - Mapbox-iOS-SDK (6.3.0):
    - MapboxMobileEvents (~> 0.10.4)
  - MapboxMobileEvents (0.10.8)
  - OpenSSL-Universal (1.1.180)
  - RCT-Folly (2020.01.13.00):
    - boost-for-react-native
    - DoubleConversion
    - glog
    - RCT-Folly/Default (= 2020.01.13.00)
  - RCT-Folly/Default (2020.01.13.00):
    - boost-for-react-native
    - DoubleConversion
    - glog
  - RCTRequired (0.64.2)
  - RCTTypeSafety (0.64.2):
    - FBLazyVector (= 0.64.2)
    - RCT-Folly (= 2020.01.13.00)
    - RCTRequired (= 0.64.2)
    - React-Core (= 0.64.2)
  - React (0.64.2):
    - React-Core (= 0.64.2)
    - React-Core/DevSupport (= 0.64.2)
    - React-Core/RCTWebSocket (= 0.64.2)
    - React-RCTActionSheet (= 0.64.2)
    - React-RCTAnimation (= 0.64.2)
    - React-RCTBlob (= 0.64.2)
    - React-RCTImage (= 0.64.2)
    - React-RCTLinking (= 0.64.2)
    - React-RCTNetwork (= 0.64.2)
    - React-RCTSettings (= 0.64.2)
    - React-RCTText (= 0.64.2)
    - React-RCTVibration (= 0.64.2)
  - React-callinvoker (0.64.2)
  - React-Core (0.64.2):
    - glog
    - RCT-Folly (= 2020.01.13.00)
    - React-Core/Default (= 0.64.2)
    - React-cxxreact (= 0.64.2)
    - React-jsi (= 0.64.2)
    - React-jsiexecutor (= 0.64.2)
    - React-perflogger (= 0.64.2)
    - Yoga
  - React-Core/CoreModulesHeaders (0.64.2):
    - glog
    - RCT-Folly (= 2020.01.13.00)
    - React-Core/Default
    - React-cxxreact (= 0.64.2)
    - React-jsi (= 0.64.2)
    - React-jsiexecutor (= 0.64.2)
    - React-perflogger (= 0.64.2)
    - Yoga
  - React-Core/Default (0.64.2):
    - glog
    - RCT-Folly (= 2020.01.13.00)
    - React-cxxreact (= 0.64.2)
    - React-jsi (= 0.64.2)
    - React-jsiexecutor (= 0.64.2)
    - React-perflogger (= 0.64.2)
    - Yoga
  - React-Core/DevSupport (0.64.2):
    - glog
    - RCT-Folly (= 2020.01.13.00)
    - React-Core/Default (= 0.64.2)
    - React-Core/RCTWebSocket (= 0.64.2)
    - React-cxxreact (= 0.64.2)
    - React-jsi (= 0.64.2)
    - React-jsiexecutor (= 0.64.2)
    - React-jsinspector (= 0.64.2)
    - React-perflogger (= 0.64.2)
    - Yoga
  - React-Core/RCTActionSheetHeaders (0.64.2):
    - glog
    - RCT-Folly (= 2020.01.13.00)
    - React-Core/Default
    - React-cxxreact (= 0.64.2)
    - React-jsi (= 0.64.2)
    - React-jsiexecutor (= 0.64.2)
    - React-perflogger (= 0.64.2)
    - Yoga
  - React-Core/RCTAnimationHeaders (0.64.2):
    - glog
    - RCT-Folly (= 2020.01.13.00)
    - React-Core/Default
    - React-cxxreact (= 0.64.2)
    - React-jsi (= 0.64.2)
    - React-jsiexecutor (= 0.64.2)
    - React-perflogger (= 0.64.2)
    - Yoga
  - React-Core/RCTBlobHeaders (0.64.2):
    - glog
    - RCT-Folly (= 2020.01.13.00)
    - React-Core/Default
    - React-cxxreact (= 0.64.2)
    - React-jsi (= 0.64.2)
    - React-jsiexecutor (= 0.64.2)
    - React-perflogger (= 0.64.2)
    - Yoga
  - React-Core/RCTImageHeaders (0.64.2):
    - glog
    - RCT-Folly (= 2020.01.13.00)
    - React-Core/Default
    - React-cxxreact (= 0.64.2)
    - React-jsi (= 0.64.2)
    - React-jsiexecutor (= 0.64.2)
    - React-perflogger (= 0.64.2)
    - Yoga
  - React-Core/RCTLinkingHeaders (0.64.2):
    - glog
    - RCT-Folly (= 2020.01.13.00)
    - React-Core/Default
    - React-cxxreact (= 0.64.2)
    - React-jsi (= 0.64.2)
    - React-jsiexecutor (= 0.64.2)
    - React-perflogger (= 0.64.2)
    - Yoga
  - React-Core/RCTNetworkHeaders (0.64.2):
    - glog
    - RCT-Folly (= 2020.01.13.00)
    - React-Core/Default
    - React-cxxreact (= 0.64.2)
    - React-jsi (= 0.64.2)
    - React-jsiexecutor (= 0.64.2)
    - React-perflogger (= 0.64.2)
    - Yoga
  - React-Core/RCTSettingsHeaders (0.64.2):
    - glog
    - RCT-Folly (= 2020.01.13.00)
    - React-Core/Default
    - React-cxxreact (= 0.64.2)
    - React-jsi (= 0.64.2)
    - React-jsiexecutor (= 0.64.2)
    - React-perflogger (= 0.64.2)
    - Yoga
  - React-Core/RCTTextHeaders (0.64.2):
    - glog
    - RCT-Folly (= 2020.01.13.00)
    - React-Core/Default
    - React-cxxreact (= 0.64.2)
    - React-jsi (= 0.64.2)
    - React-jsiexecutor (= 0.64.2)
    - React-perflogger (= 0.64.2)
    - Yoga
  - React-Core/RCTVibrationHeaders (0.64.2):
    - glog
    - RCT-Folly (= 2020.01.13.00)
    - React-Core/Default
    - React-cxxreact (= 0.64.2)
    - React-jsi (= 0.64.2)
    - React-jsiexecutor (= 0.64.2)
    - React-perflogger (= 0.64.2)
    - Yoga
  - React-Core/RCTWebSocket (0.64.2):
    - glog
    - RCT-Folly (= 2020.01.13.00)
    - React-Core/Default (= 0.64.2)
    - React-cxxreact (= 0.64.2)
    - React-jsi (= 0.64.2)
    - React-jsiexecutor (= 0.64.2)
    - React-perflogger (= 0.64.2)
    - Yoga
  - React-CoreModules (0.64.2):
    - FBReactNativeSpec (= 0.64.2)
    - RCT-Folly (= 2020.01.13.00)
    - RCTTypeSafety (= 0.64.2)
    - React-Core/CoreModulesHeaders (= 0.64.2)
    - React-jsi (= 0.64.2)
    - React-RCTImage (= 0.64.2)
    - ReactCommon/turbomodule/core (= 0.64.2)
  - React-cxxreact (0.64.2):
    - boost-for-react-native (= 1.63.0)
    - DoubleConversion
    - glog
    - RCT-Folly (= 2020.01.13.00)
    - React-callinvoker (= 0.64.2)
    - React-jsi (= 0.64.2)
    - React-jsinspector (= 0.64.2)
    - React-perflogger (= 0.64.2)
    - React-runtimeexecutor (= 0.64.2)
  - React-jsi (0.64.2):
    - boost-for-react-native (= 1.63.0)
    - DoubleConversion
    - glog
    - RCT-Folly (= 2020.01.13.00)
    - React-jsi/Default (= 0.64.2)
  - React-jsi/Default (0.64.2):
    - boost-for-react-native (= 1.63.0)
    - DoubleConversion
    - glog
    - RCT-Folly (= 2020.01.13.00)
  - React-jsiexecutor (0.64.2):
    - DoubleConversion
    - glog
    - RCT-Folly (= 2020.01.13.00)
    - React-cxxreact (= 0.64.2)
    - React-jsi (= 0.64.2)
    - React-perflogger (= 0.64.2)
  - React-jsinspector (0.64.2)
  - react-native-blur (0.8.0):
    - React
  - react-native-geolocation (2.0.2):
    - React
  - react-native-mapbox-gl (8.3.0):
    - Mapbox-iOS-SDK (~> 6.3)
    - React
    - React-Core
    - react-native-mapbox-gl/DynamicLibrary (= 8.3.0)
    - react-native-mapbox-gl/StaticLibraryFixer (= 8.3.0)
  - react-native-mapbox-gl/DynamicLibrary (8.3.0):
    - Mapbox-iOS-SDK (~> 6.3)
    - React
    - React-Core
  - react-native-mapbox-gl/StaticLibraryFixer (8.3.0):
    - Mapbox-iOS-SDK (~> 6.3)
    - React
    - React-Core
  - react-native-safe-area-context (3.2.0):
    - React-Core
  - React-perflogger (0.64.2)
  - React-RCTActionSheet (0.64.2):
    - React-Core/RCTActionSheetHeaders (= 0.64.2)
  - React-RCTAnimation (0.64.2):
    - FBReactNativeSpec (= 0.64.2)
    - RCT-Folly (= 2020.01.13.00)
    - RCTTypeSafety (= 0.64.2)
    - React-Core/RCTAnimationHeaders (= 0.64.2)
    - React-jsi (= 0.64.2)
    - ReactCommon/turbomodule/core (= 0.64.2)
  - React-RCTBlob (0.64.2):
    - FBReactNativeSpec (= 0.64.2)
    - RCT-Folly (= 2020.01.13.00)
    - React-Core/RCTBlobHeaders (= 0.64.2)
    - React-Core/RCTWebSocket (= 0.64.2)
    - React-jsi (= 0.64.2)
    - React-RCTNetwork (= 0.64.2)
    - ReactCommon/turbomodule/core (= 0.64.2)
  - React-RCTImage (0.64.2):
    - FBReactNativeSpec (= 0.64.2)
    - RCT-Folly (= 2020.01.13.00)
    - RCTTypeSafety (= 0.64.2)
    - React-Core/RCTImageHeaders (= 0.64.2)
    - React-jsi (= 0.64.2)
    - React-RCTNetwork (= 0.64.2)
    - ReactCommon/turbomodule/core (= 0.64.2)
  - React-RCTLinking (0.64.2):
    - FBReactNativeSpec (= 0.64.2)
    - React-Core/RCTLinkingHeaders (= 0.64.2)
    - React-jsi (= 0.64.2)
    - ReactCommon/turbomodule/core (= 0.64.2)
  - React-RCTNetwork (0.64.2):
    - FBReactNativeSpec (= 0.64.2)
    - RCT-Folly (= 2020.01.13.00)
    - RCTTypeSafety (= 0.64.2)
    - React-Core/RCTNetworkHeaders (= 0.64.2)
    - React-jsi (= 0.64.2)
    - ReactCommon/turbomodule/core (= 0.64.2)
  - React-RCTSettings (0.64.2):
    - FBReactNativeSpec (= 0.64.2)
    - RCT-Folly (= 2020.01.13.00)
    - RCTTypeSafety (= 0.64.2)
    - React-Core/RCTSettingsHeaders (= 0.64.2)
    - React-jsi (= 0.64.2)
    - ReactCommon/turbomodule/core (= 0.64.2)
  - React-RCTText (0.64.2):
    - React-Core/RCTTextHeaders (= 0.64.2)
  - React-RCTVibration (0.64.2):
    - FBReactNativeSpec (= 0.64.2)
    - RCT-Folly (= 2020.01.13.00)
    - React-Core/RCTVibrationHeaders (= 0.64.2)
    - React-jsi (= 0.64.2)
    - ReactCommon/turbomodule/core (= 0.64.2)
  - React-runtimeexecutor (0.64.2):
    - React-jsi (= 0.64.2)
  - ReactCommon/turbomodule/core (0.64.2):
    - DoubleConversion
    - glog
    - RCT-Folly (= 2020.01.13.00)
    - React-callinvoker (= 0.64.2)
    - React-Core (= 0.64.2)
    - React-cxxreact (= 0.64.2)
    - React-jsi (= 0.64.2)
    - React-perflogger (= 0.64.2)
  - RNFastImage (8.3.7):
    - React-Core
    - SDWebImage (~> 5.8)
    - SDWebImageWebPCoder (~> 0.6.1)
  - RNGestureHandler (1.10.3):
    - React-Core
  - RNReanimated (2.3.0-alpha.3):
    - DoubleConversion
    - FBLazyVector
    - FBReactNativeSpec
    - glog
    - RCT-Folly
    - RCTRequired
    - RCTTypeSafety
    - React
    - React-callinvoker
    - React-Core
    - React-Core/DevSupport
    - React-Core/RCTWebSocket
    - React-CoreModules
    - React-cxxreact
    - React-jsi
    - React-jsiexecutor
    - React-jsinspector
    - React-RCTActionSheet
    - React-RCTAnimation
    - React-RCTBlob
    - React-RCTImage
    - React-RCTLinking
    - React-RCTNetwork
    - React-RCTSettings
    - React-RCTText
    - React-RCTVibration
    - ReactCommon/turbomodule/core
    - Yoga
  - RNSentry (2.6.2):
    - React-Core
    - Sentry (= 7.1.4)
  - RNSVG (12.1.1):
    - React
  - SDWebImage (5.11.1):
    - SDWebImage/Core (= 5.11.1)
  - SDWebImage/Core (5.11.1)
  - SDWebImageWebPCoder (0.6.1):
    - libwebp (~> 1.0)
    - SDWebImage/Core (~> 5.7)
  - Sentry (7.1.4):
    - Sentry/Core (= 7.1.4)
  - Sentry/Core (7.1.4)
  - UMAppLoader (1.4.0)
  - UMBarCodeScannerInterface (5.4.0)
  - UMCameraInterface (5.4.0)
  - UMConstantsInterface (5.4.0)
  - UMCore (7.0.0)
  - UMFaceDetectorInterface (5.4.0)
  - UMFileSystemInterface (5.4.0)
  - UMFontInterface (5.4.0)
  - UMImageLoaderInterface (5.4.0)
  - UMPermissionsInterface (5.4.0):
    - UMCore
  - UMReactNativeAdapter (6.1.0):
    - React-Core
    - UMCore
    - UMFontInterface
  - UMSensorsInterface (5.4.0)
  - UMTaskManagerInterface (5.4.0)
  - Yoga (1.14.0)
  - YogaKit (1.18.1):
    - Yoga (~> 1.14)

DEPENDENCIES:
  - DoubleConversion (from `../node_modules/react-native/third-party-podspecs/DoubleConversion.podspec`)
  - "EXApplication (from `../node_modules/@dish/app/node_modules/expo-application/ios`)"
  - "EXConstants (from `../node_modules/@dish/app/node_modules/expo-constants/ios`)"
  - "EXErrorRecovery (from `../node_modules/@dish/app/node_modules/expo-error-recovery/ios`)"
  - "EXFileSystem (from `../node_modules/@dish/app/node_modules/expo-file-system/ios`)"
  - "EXFont (from `../node_modules/@dish/app/node_modules/expo-font/ios`)"
  - "EXImageLoader (from `../node_modules/@dish/app/node_modules/expo-image-loader/ios`)"
  - "EXKeepAwake (from `../node_modules/@dish/app/node_modules/expo-keep-awake/ios`)"
  - "EXLinearGradient (from `../node_modules/@dish/app/node_modules/expo-linear-gradient/ios`)"
  - "EXPermissions (from `../node_modules/@dish/app/node_modules/expo-permissions/ios`)"
  - "ExpoModulesCore (from `../node_modules/@dish/app/node_modules/expo-modules-core/ios`)"
  - "EXScreenOrientation (from `../node_modules/@dish/app/node_modules/expo-screen-orientation/ios`)"
  - "EXSplashScreen (from `../node_modules/@dish/app/node_modules/expo-splash-screen/ios`)"
  - FBLazyVector (from `../node_modules/react-native/Libraries/FBLazyVector`)
  - FBReactNativeSpec (from `../node_modules/react-native/React/FBReactNativeSpec`)
  - Flipper (~> 0.75.1)
  - Flipper-DoubleConversion (= 1.1.7)
  - Flipper-Folly (~> 2.5.3)
  - Flipper-Glog (= 0.3.6)
  - Flipper-PeerTalk (~> 0.0.4)
  - Flipper-RSocket (~> 1.3)
  - FlipperKit (~> 0.75.1)
  - FlipperKit/Core (~> 0.75.1)
  - FlipperKit/CppBridge (~> 0.75.1)
  - FlipperKit/FBCxxFollyDynamicConvert (~> 0.75.1)
  - FlipperKit/FBDefines (~> 0.75.1)
  - FlipperKit/FKPortForwarding (~> 0.75.1)
  - FlipperKit/FlipperKitHighlightOverlay (~> 0.75.1)
  - FlipperKit/FlipperKitLayoutPlugin (~> 0.75.1)
  - FlipperKit/FlipperKitLayoutTextSearchable (~> 0.75.1)
  - FlipperKit/FlipperKitNetworkPlugin (~> 0.75.1)
  - FlipperKit/FlipperKitReactPlugin (~> 0.75.1)
  - FlipperKit/FlipperKitUserDefaultsPlugin (~> 0.75.1)
  - FlipperKit/SKIOSNetworkPlugin (~> 0.75.1)
  - glog (from `../node_modules/react-native/third-party-podspecs/glog.podspec`)
  - RCT-Folly (from `../node_modules/react-native/third-party-podspecs/RCT-Folly.podspec`)
  - RCTRequired (from `../node_modules/react-native/Libraries/RCTRequired`)
  - RCTTypeSafety (from `../node_modules/react-native/Libraries/TypeSafety`)
  - React (from `../node_modules/react-native/`)
  - React-callinvoker (from `../node_modules/react-native/ReactCommon/callinvoker`)
  - React-Core (from `../node_modules/react-native/`)
  - React-Core/DevSupport (from `../node_modules/react-native/`)
  - React-Core/RCTWebSocket (from `../node_modules/react-native/`)
  - React-CoreModules (from `../node_modules/react-native/React/CoreModules`)
  - React-cxxreact (from `../node_modules/react-native/ReactCommon/cxxreact`)
  - React-jsi (from `../node_modules/react-native/ReactCommon/jsi`)
  - React-jsiexecutor (from `../node_modules/react-native/ReactCommon/jsiexecutor`)
  - React-jsinspector (from `../node_modules/react-native/ReactCommon/jsinspector`)
  - "react-native-blur (from `../node_modules/@react-native-community/blur`)"
  - "react-native-geolocation (from `../node_modules/@react-native-community/geolocation`)"
  - "react-native-mapbox-gl (from `../node_modules/@react-native-mapbox-gl/maps`)"
  - react-native-safe-area-context (from `../node_modules/react-native-safe-area-context`)
  - React-perflogger (from `../node_modules/react-native/ReactCommon/reactperflogger`)
  - React-RCTActionSheet (from `../node_modules/react-native/Libraries/ActionSheetIOS`)
  - React-RCTAnimation (from `../node_modules/react-native/Libraries/NativeAnimation`)
  - React-RCTBlob (from `../node_modules/react-native/Libraries/Blob`)
  - React-RCTImage (from `../node_modules/react-native/Libraries/Image`)
  - React-RCTLinking (from `../node_modules/react-native/Libraries/LinkingIOS`)
  - React-RCTNetwork (from `../node_modules/react-native/Libraries/Network`)
  - React-RCTSettings (from `../node_modules/react-native/Libraries/Settings`)
  - React-RCTText (from `../node_modules/react-native/Libraries/Text`)
  - React-RCTVibration (from `../node_modules/react-native/Libraries/Vibration`)
  - React-runtimeexecutor (from `../node_modules/react-native/ReactCommon/runtimeexecutor`)
  - ReactCommon/turbomodule/core (from `../node_modules/react-native/ReactCommon`)
  - RNFastImage (from `../node_modules/react-native-fast-image`)
  - RNGestureHandler (from `../node_modules/react-native-gesture-handler`)
  - RNReanimated (from `../node_modules/react-native-reanimated`)
  - "RNSentry (from `../node_modules/@sentry/react-native`)"
  - RNSVG (from `../node_modules/react-native-svg`)
  - "UMAppLoader (from `../node_modules/@dish/app/node_modules/unimodules-app-loader/ios`)"
  - UMBarCodeScannerInterface (from `../node_modules/unimodules-barcode-scanner-interface/ios`)
  - "UMCameraInterface (from `../node_modules/@dish/app/node_modules/unimodules-camera-interface/ios`)"
  - "UMConstantsInterface (from `../node_modules/@dish/app/node_modules/unimodules-constants-interface/ios`)"
  - "UMCore (from `../node_modules/@dish/app/node_modules/@unimodules/core/ios`)"
  - "UMFaceDetectorInterface (from `../node_modules/@dish/app/node_modules/unimodules-face-detector-interface/ios`)"
  - "UMFileSystemInterface (from `../node_modules/@dish/app/node_modules/unimodules-file-system-interface/ios`)"
  - "UMFontInterface (from `../node_modules/@dish/app/node_modules/unimodules-font-interface/ios`)"
  - "UMImageLoaderInterface (from `../node_modules/@dish/app/node_modules/unimodules-image-loader-interface/ios`)"
  - "UMPermissionsInterface (from `../node_modules/@dish/app/node_modules/unimodules-permissions-interface/ios`)"
  - "UMReactNativeAdapter (from `../node_modules/@dish/app/node_modules/@unimodules/react-native-adapter/ios`)"
  - "UMSensorsInterface (from `../node_modules/@dish/app/node_modules/unimodules-sensors-interface/ios`)"
  - "UMTaskManagerInterface (from `../node_modules/@dish/app/node_modules/unimodules-task-manager-interface/ios`)"
  - Yoga (from `../node_modules/react-native/ReactCommon/yoga`)

SPEC REPOS:
  trunk:
    - boost-for-react-native
    - CocoaAsyncSocket
    - Flipper
    - Flipper-DoubleConversion
    - Flipper-Folly
    - Flipper-Glog
    - Flipper-PeerTalk
    - Flipper-RSocket
    - FlipperKit
    - libevent
    - libwebp
    - Mapbox-iOS-SDK
    - MapboxMobileEvents
    - OpenSSL-Universal
    - SDWebImage
    - SDWebImageWebPCoder
    - Sentry
    - YogaKit

EXTERNAL SOURCES:
  DoubleConversion:
    :podspec: "../node_modules/react-native/third-party-podspecs/DoubleConversion.podspec"
  EXApplication:
    :path: "../node_modules/@dish/app/node_modules/expo-application/ios"
  EXConstants:
    :path: "../node_modules/@dish/app/node_modules/expo-constants/ios"
  EXErrorRecovery:
    :path: "../node_modules/@dish/app/node_modules/expo-error-recovery/ios"
  EXFileSystem:
    :path: "../node_modules/@dish/app/node_modules/expo-file-system/ios"
  EXFont:
    :path: "../node_modules/@dish/app/node_modules/expo-font/ios"
  EXImageLoader:
    :path: "../node_modules/@dish/app/node_modules/expo-image-loader/ios"
  EXKeepAwake:
    :path: "../node_modules/@dish/app/node_modules/expo-keep-awake/ios"
  EXLinearGradient:
    :path: "../node_modules/@dish/app/node_modules/expo-linear-gradient/ios"
  EXPermissions:
    :path: "../node_modules/@dish/app/node_modules/expo-permissions/ios"
  ExpoModulesCore:
    :path: "../node_modules/@dish/app/node_modules/expo-modules-core/ios"
  EXScreenOrientation:
    :path: "../node_modules/@dish/app/node_modules/expo-screen-orientation/ios"
  EXSplashScreen:
    :path: "../node_modules/@dish/app/node_modules/expo-splash-screen/ios"
  FBLazyVector:
    :path: "../node_modules/react-native/Libraries/FBLazyVector"
  FBReactNativeSpec:
    :path: "../node_modules/react-native/React/FBReactNativeSpec"
  glog:
    :podspec: "../node_modules/react-native/third-party-podspecs/glog.podspec"
  RCT-Folly:
    :podspec: "../node_modules/react-native/third-party-podspecs/RCT-Folly.podspec"
  RCTRequired:
    :path: "../node_modules/react-native/Libraries/RCTRequired"
  RCTTypeSafety:
    :path: "../node_modules/react-native/Libraries/TypeSafety"
  React:
    :path: "../node_modules/react-native/"
  React-callinvoker:
    :path: "../node_modules/react-native/ReactCommon/callinvoker"
  React-Core:
    :path: "../node_modules/react-native/"
  React-CoreModules:
    :path: "../node_modules/react-native/React/CoreModules"
  React-cxxreact:
    :path: "../node_modules/react-native/ReactCommon/cxxreact"
  React-jsi:
    :path: "../node_modules/react-native/ReactCommon/jsi"
  React-jsiexecutor:
    :path: "../node_modules/react-native/ReactCommon/jsiexecutor"
  React-jsinspector:
    :path: "../node_modules/react-native/ReactCommon/jsinspector"
  react-native-blur:
    :path: "../node_modules/@react-native-community/blur"
  react-native-geolocation:
    :path: "../node_modules/@react-native-community/geolocation"
  react-native-mapbox-gl:
    :path: "../node_modules/@react-native-mapbox-gl/maps"
  react-native-safe-area-context:
    :path: "../node_modules/react-native-safe-area-context"
  React-perflogger:
    :path: "../node_modules/react-native/ReactCommon/reactperflogger"
  React-RCTActionSheet:
    :path: "../node_modules/react-native/Libraries/ActionSheetIOS"
  React-RCTAnimation:
    :path: "../node_modules/react-native/Libraries/NativeAnimation"
  React-RCTBlob:
    :path: "../node_modules/react-native/Libraries/Blob"
  React-RCTImage:
    :path: "../node_modules/react-native/Libraries/Image"
  React-RCTLinking:
    :path: "../node_modules/react-native/Libraries/LinkingIOS"
  React-RCTNetwork:
    :path: "../node_modules/react-native/Libraries/Network"
  React-RCTSettings:
    :path: "../node_modules/react-native/Libraries/Settings"
  React-RCTText:
    :path: "../node_modules/react-native/Libraries/Text"
  React-RCTVibration:
    :path: "../node_modules/react-native/Libraries/Vibration"
  React-runtimeexecutor:
    :path: "../node_modules/react-native/ReactCommon/runtimeexecutor"
  ReactCommon:
    :path: "../node_modules/react-native/ReactCommon"
  RNFastImage:
    :path: "../node_modules/react-native-fast-image"
  RNGestureHandler:
    :path: "../node_modules/react-native-gesture-handler"
  RNReanimated:
    :path: "../node_modules/react-native-reanimated"
  RNSentry:
    :path: "../node_modules/@sentry/react-native"
  RNSVG:
    :path: "../node_modules/react-native-svg"
  UMAppLoader:
    :path: "../node_modules/@dish/app/node_modules/unimodules-app-loader/ios"
  UMBarCodeScannerInterface:
    :path: "../node_modules/unimodules-barcode-scanner-interface/ios"
  UMCameraInterface:
    :path: "../node_modules/@dish/app/node_modules/unimodules-camera-interface/ios"
  UMConstantsInterface:
    :path: "../node_modules/@dish/app/node_modules/unimodules-constants-interface/ios"
  UMCore:
    :path: "../node_modules/@dish/app/node_modules/@unimodules/core/ios"
  UMFaceDetectorInterface:
    :path: "../node_modules/@dish/app/node_modules/unimodules-face-detector-interface/ios"
  UMFileSystemInterface:
    :path: "../node_modules/@dish/app/node_modules/unimodules-file-system-interface/ios"
  UMFontInterface:
    :path: "../node_modules/@dish/app/node_modules/unimodules-font-interface/ios"
  UMImageLoaderInterface:
    :path: "../node_modules/@dish/app/node_modules/unimodules-image-loader-interface/ios"
  UMPermissionsInterface:
    :path: "../node_modules/@dish/app/node_modules/unimodules-permissions-interface/ios"
  UMReactNativeAdapter:
    :path: "../node_modules/@dish/app/node_modules/@unimodules/react-native-adapter/ios"
  UMSensorsInterface:
    :path: "../node_modules/@dish/app/node_modules/unimodules-sensors-interface/ios"
  UMTaskManagerInterface:
    :path: "../node_modules/@dish/app/node_modules/unimodules-task-manager-interface/ios"
  Yoga:
    :path: "../node_modules/react-native/ReactCommon/yoga"

SPEC CHECKSUMS:
  boost-for-react-native: 39c7adb57c4e60d6c5479dd8623128eb5b3f0f2c
  CocoaAsyncSocket: 065fd1e645c7abab64f7a6a2007a48038fdc6a99
  DoubleConversion: cf9b38bf0b2d048436d9a82ad2abe1404f11e7de
  EXApplication: 9ff2a206009d6e55bca6c20b3f33d07986b51ef3
  EXConstants: 3babb61f8f4bb7dffe85b8b7d6eaa31d903e4d7e
  EXErrorRecovery: 404d827bc7d42f306c062d58a60b06afc4d082b3
  EXFileSystem: 0a04aba8da751b9ac954065911bcf166503f8267
  EXFont: 9846ba1bb6f5f5aed44e20eea3ac70693323832d
  EXImageLoader: f96ec9992733a4224418bbd9382e5485c8948944
  EXKeepAwake: f4105ef469be7b283f66ce2d7234bb71ac80cd26
  EXLinearGradient: ffc008d7ddcce356534cfdf9bd7fbcdedec4c438
  EXPermissions: 17d4846ad1880f6891c74ae58ca1acb43e47ed47
  ExpoModulesCore: 2734852616127a6c1fc23012197890a6f3763dc7
  EXScreenOrientation: d94f791c7ade3639352f34fcf5353f7c554b7d69
  EXSplashScreen: 6208ca88470ff5979fd49a08ef3feb01143a2b79
  FBLazyVector: e686045572151edef46010a6f819ade377dfeb4b
  FBReactNativeSpec: 8cc7c75b7b4ae4232c074e011ece5332197fe2ae
  Flipper: d3da1aa199aad94455ae725e9f3aa43f3ec17021
  Flipper-DoubleConversion: 38631e41ef4f9b12861c67d17cb5518d06badc41
  Flipper-Folly: 755929a4f851b2fb2c347d533a23f191b008554c
  Flipper-Glog: 1dfd6abf1e922806c52ceb8701a3599a79a200a6
  Flipper-PeerTalk: 116d8f857dc6ef55c7a5a75ea3ceaafe878aadc9
  Flipper-RSocket: 127954abe8b162fcaf68d2134d34dc2bd7076154
  FlipperKit: 8a20b5c5fcf9436cac58551dc049867247f64b00
  glog: 73c2498ac6884b13ede40eda8228cb1eee9d9d62
  libevent: 4049cae6c81cdb3654a443be001fb9bdceff7913
  libwebp: e90b9c01d99205d03b6bb8f2c8c415e5a4ef66f0
  Mapbox-iOS-SDK: 2563ed87ead6ec08f1c2090873977b8a7be335a8
  MapboxMobileEvents: 36ff53b135aac486eed94b61f813c7967a0c2c6f
  OpenSSL-Universal: 1aa4f6a6ee7256b83db99ec1ccdaa80d10f9af9b
  RCT-Folly: ec7a233ccc97cc556cf7237f0db1ff65b986f27c
  RCTRequired: 6d3e854f0e7260a648badd0d44fc364bc9da9728
  RCTTypeSafety: c1f31d19349c6b53085766359caac425926fafaa
  React: bda6b6d7ae912de97d7a61aa5c160db24aa2ad69
  React-callinvoker: 9840ea7e8e88ed73d438edb725574820b29b5baa
  React-Core: b5e385da7ce5f16a220fc60fd0749eae2c6120f0
  React-CoreModules: 17071a4e2c5239b01585f4aa8070141168ab298f
  React-cxxreact: 9be7b6340ed9f7c53e53deca7779f07cd66525ba
  React-jsi: 67747b9722f6dab2ffe15b011bcf6b3f2c3f1427
  React-jsiexecutor: 80c46bd381fd06e418e0d4f53672dc1d1945c4c3
  React-jsinspector: cc614ec18a9ca96fd275100c16d74d62ee11f0ae
  react-native-blur: cad4d93b364f91e7b7931b3fa935455487e5c33c
  react-native-geolocation: c956aeb136625c23e0dce0467664af2c437888c9
  react-native-mapbox-gl: 5bfbdb80cea9af34c5b2ccef84d322b182f2481a
  react-native-safe-area-context: f0906bf8bc9835ac9a9d3f97e8bde2a997d8da79
  React-perflogger: 25373e382fed75ce768a443822f07098a15ab737
  React-RCTActionSheet: af7796ba49ffe4ca92e7277a5d992d37203f7da5
  React-RCTAnimation: 6a2e76ab50c6f25b428d81b76a5a45351c4d77aa
  React-RCTBlob: 02a2887023e0eed99391b6445b2e23a2a6f9226d
  React-RCTImage: ce5bf8e7438f2286d9b646a05d6ab11f38b0323d
  React-RCTLinking: ccd20742de14e020cb5f99d5c7e0bf0383aefbd9
  React-RCTNetwork: dfb9d089ab0753e5e5f55fc4b1210858f7245647
  React-RCTSettings: b14aef2d83699e48b410fb7c3ba5b66cd3291ae2
  React-RCTText: 41a2e952dd9adc5caf6fb68ed46b275194d5da5f
  React-RCTVibration: 24600e3b1aaa77126989bc58b6747509a1ba14f3
  React-runtimeexecutor: a9904c6d0218fb9f8b19d6dd88607225927668f9
  ReactCommon: 149906e01aa51142707a10665185db879898e966
  RNFastImage: a7384db75df352500261e8e8f1ac2026def26102
  RNGestureHandler: a479ebd5ed4221a810967000735517df0d2db211
  RNReanimated: 8df8a4f5fb1ae48b8378ad4bbc38e47ae0c41e9f
  RNSentry: 68644ef607b780551cc555f084869764f2566652
  RNSVG: 551acb6562324b1d52a4e0758f7ca0ec234e278f
  SDWebImage: a7f831e1a65eb5e285e3fb046a23fcfbf08e696d
  SDWebImageWebPCoder: d0dac55073088d24b2ac1b191a71a8f8d0adac21
  Sentry: 1d3eb1a25f8c5333c88dd5603904a6d461cd9fcf
  UMAppLoader: 92d044af52626af3d81a69796ad666fc7a9a7d78
  UMBarCodeScannerInterface: 3f6c1b09ef4b867ce752b8c0b3893bcf9cd85f32
  UMCameraInterface: d516032121192fee9a6c93bdfff0bb2cc7282796
  UMConstantsInterface: 6825ea3832d26ed392ca6eff2df84edd69968fd0
  UMCore: a882a262c77a535d46b058c150f957eface073f4
  UMFaceDetectorInterface: 60b36b07faa539205efce30b20c192e058b31c23
  UMFileSystemInterface: ab01294ce58a3c773aefb4a5b131ce589c199559
  UMFontInterface: 85fe1b845fb7caab45e04d9ce47e1677a5ce90a5
  UMImageLoaderInterface: 18f37df089b7e6d301e3acac025a8264d26b66d6
  UMPermissionsInterface: 807e5733b4c6607f35757b1dd128f370718d2f94
  UMReactNativeAdapter: 394f9beaabe4179f3c43a399c50f7b3bd876e75d
  UMSensorsInterface: 4df9ec662134de5614ae61acc249d6912db87ca5
  UMTaskManagerInterface: 4c60b43eaf3cb05a164bc9113258a171c18b7bf7
  Yoga: 575c581c63e0d35c9a83f4b46d01d63abc1100ac
  YogaKit: f782866e155069a2cca2517aafea43200b01fd5a

PODFILE CHECKSUM: 0ea6234bcea7d5f2b35ad8851c49189676c30408

COCOAPODS: 1.10.1
