// !$*UTF8*$!
{
	archiveVersion = 1;
	classes = {
	};
	objectVersion = 51;
	objects = {

/* Begin PBXBuildFile section */
		1C3CFE6423998FF2004B2EEA /* HomeContainerView.swift in Sources */ = {isa = PBXBuildFile; fileRef = 1C3CFE6323998FF2004B2EEA /* HomeContainerView.swift */; };
		1C6B321A23A2A06100F0A7E6 /* SideDrawerView.swift in Sources */ = {isa = PBXBuildFile; fileRef = 1C6B321923A2A06100F0A7E6 /* SideDrawerView.swift */; };
		1CCEDF52239DC7C9003EE228 /* PagerView.swift in Sources */ = {isa = PBXBuildFile; fileRef = 1CCEDF51239DC7C9003EE228 /* PagerView.swift */; };
		1CE2393123A19722006B7AFD /* Environment.swift in Sources */ = {isa = PBXBuildFile; fileRef = 1CE2393023A19722006B7AFD /* Environment.swift */; };
		1CE3546523986B1B004B3A84 /* AppDelegate.swift in Sources */ = {isa = PBXBuildFile; fileRef = 1CE3546423986B1B004B3A84 /* AppDelegate.swift */; };
		1CE3546723986B1B004B3A84 /* SceneDelegate.swift in Sources */ = {isa = PBXBuildFile; fileRef = 1CE3546623986B1B004B3A84 /* SceneDelegate.swift */; };
		1CE3546923986B1B004B3A84 /* RootView.swift in Sources */ = {isa = PBXBuildFile; fileRef = 1CE3546823986B1B004B3A84 /* RootView.swift */; };
		1CE3546B23986B1C004B3A84 /* Assets.xcassets in Resources */ = {isa = PBXBuildFile; fileRef = 1CE3546A23986B1C004B3A84 /* Assets.xcassets */; };
		1CE3546E23986B1C004B3A84 /* Preview Assets.xcassets in Resources */ = {isa = PBXBuildFile; fileRef = 1CE3546D23986B1C004B3A84 /* Preview Assets.xcassets */; };
		1CE3547123986B1C004B3A84 /* LaunchScreen.storyboard in Resources */ = {isa = PBXBuildFile; fileRef = 1CE3546F23986B1C004B3A84 /* LaunchScreen.storyboard */; };
		1CE3547F23986B88004B3A84 /* Store.swift in Sources */ = {isa = PBXBuildFile; fileRef = 1CE3547E23986B88004B3A84 /* Store.swift */; };
		1CE3548123986BC1004B3A84 /* View.swift in Sources */ = {isa = PBXBuildFile; fileRef = 1CE3548023986BC1004B3A84 /* View.swift */; };
		1CE3548323986C5C004B3A84 /* App.swift in Sources */ = {isa = PBXBuildFile; fileRef = 1CE3548223986C5C004B3A84 /* App.swift */; };
		1CE35486239870E8004B3A84 /* MapView.swift in Sources */ = {isa = PBXBuildFile; fileRef = 1CE35485239870E8004B3A84 /* MapView.swift */; };
		1CE354882398714D004B3A84 /* HomeView.swift in Sources */ = {isa = PBXBuildFile; fileRef = 1CE354872398714D004B3A84 /* HomeView.swift */; };
		1CE3548A239871CB004B3A84 /* BottomSheetView.swift in Sources */ = {isa = PBXBuildFile; fileRef = 1CE35489239871CB004B3A84 /* BottomSheetView.swift */; };
		AE2B6BA223AB3620007BCD25 /* Test.swift in Sources */ = {isa = PBXBuildFile; fileRef = AE2B6BA123AB3620007BCD25 /* Test.swift */; };
		AE2B6BA423AC211F007BCD25 /* VerticalCardPager.swift in Sources */ = {isa = PBXBuildFile; fileRef = AE2B6BA323AC211F007BCD25 /* VerticalCardPager.swift */; };
		AE56C86423ADB78C006A156A /* HomeSearchResults.swift in Sources */ = {isa = PBXBuildFile; fileRef = AE56C86323ADB78C006A156A /* HomeSearchResults.swift */; };
		AE56C86623ADD977006A156A /* TagView.swift in Sources */ = {isa = PBXBuildFile; fileRef = AE56C86523ADD977006A156A /* TagView.swift */; };
		AE6CECCD23A843E600B08870 /* BottomNav.swift in Sources */ = {isa = PBXBuildFile; fileRef = AE6CECCC23A843E600B08870 /* BottomNav.swift */; };
		AE7563B423A035E70094022B /* HomeMainView.swift in Sources */ = {isa = PBXBuildFile; fileRef = AE7563B323A035E70094022B /* HomeMainView.swift */; };
		AE7563B823A036500094022B /* Screen.swift in Sources */ = {isa = PBXBuildFile; fileRef = AE7563B723A036500094022B /* Screen.swift */; };
		AE7563BC23A037870094022B /* Fixtures.swift in Sources */ = {isa = PBXBuildFile; fileRef = AE7563BB23A037870094022B /* Fixtures.swift */; };
		AE7563CF23A037B50094022B /* GMapsThemeModest.json in Resources */ = {isa = PBXBuildFile; fileRef = AE7563BE23A037B50094022B /* GMapsThemeModest.json */; };
		AE7563D023A037B50094022B /* charleyrivers.jpg in Resources */ = {isa = PBXBuildFile; fileRef = AE7563BF23A037B50094022B /* charleyrivers.jpg */; };
		AE7563D123A037B50094022B /* turtlerock.jpg in Resources */ = {isa = PBXBuildFile; fileRef = AE7563C023A037B50094022B /* turtlerock.jpg */; };
		AE7563D223A037B50094022B /* silversalmoncreek.jpg in Resources */ = {isa = PBXBuildFile; fileRef = AE7563C123A037B50094022B /* silversalmoncreek.jpg */; };
		AE7563D423A037B50094022B /* icybay.jpg in Resources */ = {isa = PBXBuildFile; fileRef = AE7563C323A037B50094022B /* icybay.jpg */; };
		AE7563D523A037B50094022B /* lakemcdonald.jpg in Resources */ = {isa = PBXBuildFile; fileRef = AE7563C423A037B50094022B /* lakemcdonald.jpg */; };
		AE7563D623A037B50094022B /* hiddenlake.jpg in Resources */ = {isa = PBXBuildFile; fileRef = AE7563C523A037B50094022B /* hiddenlake.jpg */; };
		AE7563D723A037B50094022B /* twinlake.jpg in Resources */ = {isa = PBXBuildFile; fileRef = AE7563C623A037B50094022B /* twinlake.jpg */; };
		AE7563D823A037B50094022B /* GMapsThemeLight.json in Resources */ = {isa = PBXBuildFile; fileRef = AE7563C723A037B50094022B /* GMapsThemeLight.json */; };
		AE7563D923A037B50094022B /* umbagog.jpg in Resources */ = {isa = PBXBuildFile; fileRef = AE7563C823A037B50094022B /* umbagog.jpg */; };
		AE7563DA23A037B50094022B /* restaurantData.json in Resources */ = {isa = PBXBuildFile; fileRef = AE7563C923A037B50094022B /* restaurantData.json */; };
		AE7563DB23A037B50094022B /* chincoteague.jpg in Resources */ = {isa = PBXBuildFile; fileRef = AE7563CA23A037B50094022B /* chincoteague.jpg */; };
		AE7563DC23A037B50094022B /* stmarylake.jpg in Resources */ = {isa = PBXBuildFile; fileRef = AE7563CB23A037B50094022B /* stmarylake.jpg */; };
		AE7563DD23A037B50094022B /* GMapsDarkMode.json in Resources */ = {isa = PBXBuildFile; fileRef = AE7563CC23A037B50094022B /* GMapsDarkMode.json */; };
		AE7563DE23A037B50094022B /* chilkoottrail.jpg in Resources */ = {isa = PBXBuildFile; fileRef = AE7563CD23A037B50094022B /* chilkoottrail.jpg */; };
		AE7563DF23A037B50094022B /* rainbowlake.jpg in Resources */ = {isa = PBXBuildFile; fileRef = AE7563CE23A037B50094022B /* rainbowlake.jpg */; };
		AE7563E323A038190094022B /* Array.swift in Sources */ = {isa = PBXBuildFile; fileRef = AE7563E223A038190094022B /* Array.swift */; };
		AE7563E523A038300094022B /* SearchInput.swift in Sources */ = {isa = PBXBuildFile; fileRef = AE7563E423A038300094022B /* SearchInput.swift */; };
		AE7563E723A03D3C0094022B /* FeatureCard.swift in Sources */ = {isa = PBXBuildFile; fileRef = AE7563E623A03D3C0094022B /* FeatureCard.swift */; };
		AE7563E923A03D570094022B /* MagicMove.swift in Sources */ = {isa = PBXBuildFile; fileRef = AE7563E823A03D570094022B /* MagicMove.swift */; };
		AE861A7923A0651D004096BF /* Keyboard.swift in Sources */ = {isa = PBXBuildFile; fileRef = AE861A7823A0651D004096BF /* Keyboard.swift */; };
		AE861A7B23A06EDC004096BF /* BarArrow.swift in Sources */ = {isa = PBXBuildFile; fileRef = AE861A7A23A06EDC004096BF /* BarArrow.swift */; };
		AE861A7F23A07D81004096BF /* HomeMapControls.swift in Sources */ = {isa = PBXBuildFile; fileRef = AE861A7E23A07D81004096BF /* HomeMapControls.swift */; };
		AE861A8123A16DA6004096BF /* TopNav.swift in Sources */ = {isa = PBXBuildFile; fileRef = AE861A8023A16DA6004096BF /* TopNav.swift */; };
		AE861A8323A171D2004096BF /* TopNavSearch.swift in Sources */ = {isa = PBXBuildFile; fileRef = AE861A8223A171D2004096BF /* TopNavSearch.swift */; };
		AE861A8523A17209004096BF /* TopNavSearchResults.swift in Sources */ = {isa = PBXBuildFile; fileRef = AE861A8423A17209004096BF /* TopNavSearchResults.swift */; };
		AE861A8723A1727B004096BF /* TopNavMenuButton.swift in Sources */ = {isa = PBXBuildFile; fileRef = AE861A8623A1727B004096BF /* TopNavMenuButton.swift */; };
		AE861A8923A172E8004096BF /* BlurView.swift in Sources */ = {isa = PBXBuildFile; fileRef = AE861A8823A172E8004096BF /* BlurView.swift */; };
		AE8D7D2D23ADA93600BD1D68 /* ButtonBordered.swift in Sources */ = {isa = PBXBuildFile; fileRef = AE8D7D2C23ADA93600BD1D68 /* ButtonBordered.swift */; };
		AEA331EF23A3371D00B36A23 /* DishSidebarView.swift in Sources */ = {isa = PBXBuildFile; fileRef = AEA331EE23A3371D00B36A23 /* DishSidebarView.swift */; };
		AEA331F123A3373D00B36A23 /* LoginSignupView.swift in Sources */ = {isa = PBXBuildFile; fileRef = AEA331F023A3373D00B36A23 /* LoginSignupView.swift */; };
		AEA331F523A3381200B36A23 /* DishInput.swift in Sources */ = {isa = PBXBuildFile; fileRef = AEA331F423A3381200B36A23 /* DishInput.swift */; };
		AEA331F723A3382100B36A23 /* DishButton.swift in Sources */ = {isa = PBXBuildFile; fileRef = AEA331F623A3382100B36A23 /* DishButton.swift */; };
		AEA331F923A3385000B36A23 /* InlineAlertView.swift in Sources */ = {isa = PBXBuildFile; fileRef = AEA331F823A3385000B36A23 /* InlineAlertView.swift */; };
		AEA331FB23A338F400B36A23 /* KeyboardHost.swift in Sources */ = {isa = PBXBuildFile; fileRef = AEA331FA23A338F400B36A23 /* KeyboardHost.swift */; };
		AEAE67EC23B5A70A00B9D781 /* LocationState.swift in Sources */ = {isa = PBXBuildFile; fileRef = AEAE67EB23B5A70A00B9D781 /* LocationState.swift */; };
		AEED843E23B5A8E000407266 /* Mocks.swift in Sources */ = {isa = PBXBuildFile; fileRef = AEED843D23B5A8E000407266 /* Mocks.swift */; };
		AEED844123B6707100407266 /* DishMap.swift in Sources */ = {isa = PBXBuildFile; fileRef = AEED844023B6707100407266 /* DishMap.swift */; };
		AEED844323B6712000407266 /* HomeCardsView.swift in Sources */ = {isa = PBXBuildFile; fileRef = AEED844223B6712000407266 /* HomeCardsView.swift */; };
		AEED844523B672D000407266 /* TopNavCamera.swift in Sources */ = {isa = PBXBuildFile; fileRef = AEED844423B672D000407266 /* TopNavCamera.swift */; };
		AEF6556F23B0248200E49A51 /* FilterButton.swift in Sources */ = {isa = PBXBuildFile; fileRef = AEF6556E23B0248200E49A51 /* FilterButton.swift */; };
		AEF6557123B024A100E49A51 /* ScrollListener.swift in Sources */ = {isa = PBXBuildFile; fileRef = AEF6557023B024A100E49A51 /* ScrollListener.swift */; };
		AEF6557423B0407000E49A51 /* ImageStore.swift in Sources */ = {isa = PBXBuildFile; fileRef = AEF6557323B0407000E49A51 /* ImageStore.swift */; };
		AEF6557523B0411E00E49A51 /* dishData.json in Resources */ = {isa = PBXBuildFile; fileRef = AEF6557223B03F6F00E49A51 /* dishData.json */; };
		AEF6557723B041C400E49A51 /* RestaurantItem.swift in Sources */ = {isa = PBXBuildFile; fileRef = AEF6557623B041C400E49A51 /* RestaurantItem.swift */; };
		AEF6557923B041F600E49A51 /* DishItem.swift in Sources */ = {isa = PBXBuildFile; fileRef = AEF6557823B041F600E49A51 /* DishItem.swift */; };
		AEF6557B23B042CD00E49A51 /* HomeSearchBar.swift in Sources */ = {isa = PBXBuildFile; fileRef = AEF6557A23B042CD00E49A51 /* HomeSearchBar.swift */; };
		AEF6557F23B14DBA00E49A51 /* ContextMenuView.swift in Sources */ = {isa = PBXBuildFile; fileRef = AEF6557E23B14DBA00E49A51 /* ContextMenuView.swift */; };
		AEF6558123B2205F00E49A51 /* HomeMainContent.swift in Sources */ = {isa = PBXBuildFile; fileRef = AEF6558023B2205F00E49A51 /* HomeMainContent.swift */; };
		AEF6558423B59BC000E49A51 /* HomeState.swift in Sources */ = {isa = PBXBuildFile; fileRef = AEF6558323B59BC000E49A51 /* HomeState.swift */; };
		C7BDB448CA7019F5B1D6545F /* Pods_new_dish.framework in Frameworks */ = {isa = PBXBuildFile; fileRef = B343F398A6E8C95D41FD1804 /* Pods_new_dish.framework */; };
/* End PBXBuildFile section */

/* Begin PBXFileReference section */
		1C3CFE6323998FF2004B2EEA /* HomeContainerView.swift */ = {isa = PBXFileReference; lastKnownFileType = sourcecode.swift; path = HomeContainerView.swift; sourceTree = "<group>"; };
		1C6B321923A2A06100F0A7E6 /* SideDrawerView.swift */ = {isa = PBXFileReference; lastKnownFileType = sourcecode.swift; path = SideDrawerView.swift; sourceTree = "<group>"; };
		1CCEDF51239DC7C9003EE228 /* PagerView.swift */ = {isa = PBXFileReference; lastKnownFileType = sourcecode.swift; path = PagerView.swift; sourceTree = "<group>"; };
		1CE2393023A19722006B7AFD /* Environment.swift */ = {isa = PBXFileReference; lastKnownFileType = sourcecode.swift; path = Environment.swift; sourceTree = "<group>"; };
		1CE3546123986B1B004B3A84 /* new-dish.app */ = {isa = PBXFileReference; explicitFileType = wrapper.application; includeInIndex = 0; path = "new-dish.app"; sourceTree = BUILT_PRODUCTS_DIR; };
		1CE3546423986B1B004B3A84 /* AppDelegate.swift */ = {isa = PBXFileReference; lastKnownFileType = sourcecode.swift; path = AppDelegate.swift; sourceTree = "<group>"; };
		1CE3546623986B1B004B3A84 /* SceneDelegate.swift */ = {isa = PBXFileReference; lastKnownFileType = sourcecode.swift; path = SceneDelegate.swift; sourceTree = "<group>"; };
		1CE3546823986B1B004B3A84 /* RootView.swift */ = {isa = PBXFileReference; lastKnownFileType = sourcecode.swift; path = RootView.swift; sourceTree = "<group>"; };
		1CE3546A23986B1C004B3A84 /* Assets.xcassets */ = {isa = PBXFileReference; lastKnownFileType = folder.assetcatalog; path = Assets.xcassets; sourceTree = "<group>"; };
		1CE3546D23986B1C004B3A84 /* Preview Assets.xcassets */ = {isa = PBXFileReference; lastKnownFileType = folder.assetcatalog; path = "Preview Assets.xcassets"; sourceTree = "<group>"; };
		1CE3547023986B1C004B3A84 /* Base */ = {isa = PBXFileReference; lastKnownFileType = file.storyboard; name = Base; path = Base.lproj/LaunchScreen.storyboard; sourceTree = "<group>"; };
		1CE3547223986B1C004B3A84 /* Info.plist */ = {isa = PBXFileReference; lastKnownFileType = text.plist.xml; path = Info.plist; sourceTree = "<group>"; };
		1CE3547E23986B88004B3A84 /* Store.swift */ = {isa = PBXFileReference; lastKnownFileType = sourcecode.swift; path = Store.swift; sourceTree = "<group>"; };
		1CE3548023986BC1004B3A84 /* View.swift */ = {isa = PBXFileReference; lastKnownFileType = sourcecode.swift; path = View.swift; sourceTree = "<group>"; };
		1CE3548223986C5C004B3A84 /* App.swift */ = {isa = PBXFileReference; lastKnownFileType = sourcecode.swift; path = App.swift; sourceTree = "<group>"; };
		1CE35485239870E8004B3A84 /* MapView.swift */ = {isa = PBXFileReference; lastKnownFileType = sourcecode.swift; path = MapView.swift; sourceTree = "<group>"; };
		1CE354872398714D004B3A84 /* HomeView.swift */ = {isa = PBXFileReference; lastKnownFileType = sourcecode.swift; path = HomeView.swift; sourceTree = "<group>"; };
		1CE35489239871CB004B3A84 /* BottomSheetView.swift */ = {isa = PBXFileReference; lastKnownFileType = sourcecode.swift; path = BottomSheetView.swift; sourceTree = "<group>"; };
		24F0B5F55B1972A7519C9B3C /* Pods-new-dish.debug.xcconfig */ = {isa = PBXFileReference; includeInIndex = 1; lastKnownFileType = text.xcconfig; name = "Pods-new-dish.debug.xcconfig"; path = "Target Support Files/Pods-new-dish/Pods-new-dish.debug.xcconfig"; sourceTree = "<group>"; };
		958FBEA937B7052DE007A65D /* Pods-new-dish.release.xcconfig */ = {isa = PBXFileReference; includeInIndex = 1; lastKnownFileType = text.xcconfig; name = "Pods-new-dish.release.xcconfig"; path = "Target Support Files/Pods-new-dish/Pods-new-dish.release.xcconfig"; sourceTree = "<group>"; };
		AE2B6BA123AB3620007BCD25 /* Test.swift */ = {isa = PBXFileReference; lastKnownFileType = sourcecode.swift; path = Test.swift; sourceTree = "<group>"; };
		AE2B6BA323AC211F007BCD25 /* VerticalCardPager.swift */ = {isa = PBXFileReference; lastKnownFileType = sourcecode.swift; path = VerticalCardPager.swift; sourceTree = "<group>"; };
		AE56C86323ADB78C006A156A /* HomeSearchResults.swift */ = {isa = PBXFileReference; lastKnownFileType = sourcecode.swift; path = HomeSearchResults.swift; sourceTree = "<group>"; };
		AE56C86523ADD977006A156A /* TagView.swift */ = {isa = PBXFileReference; lastKnownFileType = sourcecode.swift; path = TagView.swift; sourceTree = "<group>"; };
		AE6CECCC23A843E600B08870 /* BottomNav.swift */ = {isa = PBXFileReference; lastKnownFileType = sourcecode.swift; path = BottomNav.swift; sourceTree = "<group>"; };
		AE7563B323A035E70094022B /* HomeMainView.swift */ = {isa = PBXFileReference; lastKnownFileType = sourcecode.swift; path = HomeMainView.swift; sourceTree = "<group>"; };
		AE7563B723A036500094022B /* Screen.swift */ = {isa = PBXFileReference; lastKnownFileType = sourcecode.swift; path = Screen.swift; sourceTree = "<group>"; };
		AE7563BB23A037870094022B /* Fixtures.swift */ = {isa = PBXFileReference; lastKnownFileType = sourcecode.swift; path = Fixtures.swift; sourceTree = "<group>"; };
		AE7563BE23A037B50094022B /* GMapsThemeModest.json */ = {isa = PBXFileReference; fileEncoding = 4; lastKnownFileType = text.json; path = GMapsThemeModest.json; sourceTree = "<group>"; };
		AE7563BF23A037B50094022B /* charleyrivers.jpg */ = {isa = PBXFileReference; lastKnownFileType = image.jpeg; path = charleyrivers.jpg; sourceTree = "<group>"; };
		AE7563C023A037B50094022B /* turtlerock.jpg */ = {isa = PBXFileReference; lastKnownFileType = image.jpeg; path = turtlerock.jpg; sourceTree = "<group>"; };
		AE7563C123A037B50094022B /* silversalmoncreek.jpg */ = {isa = PBXFileReference; lastKnownFileType = image.jpeg; path = silversalmoncreek.jpg; sourceTree = "<group>"; };
		AE7563C323A037B50094022B /* icybay.jpg */ = {isa = PBXFileReference; lastKnownFileType = image.jpeg; path = icybay.jpg; sourceTree = "<group>"; };
		AE7563C423A037B50094022B /* lakemcdonald.jpg */ = {isa = PBXFileReference; lastKnownFileType = image.jpeg; path = lakemcdonald.jpg; sourceTree = "<group>"; };
		AE7563C523A037B50094022B /* hiddenlake.jpg */ = {isa = PBXFileReference; lastKnownFileType = image.jpeg; path = hiddenlake.jpg; sourceTree = "<group>"; };
		AE7563C623A037B50094022B /* twinlake.jpg */ = {isa = PBXFileReference; lastKnownFileType = image.jpeg; path = twinlake.jpg; sourceTree = "<group>"; };
		AE7563C723A037B50094022B /* GMapsThemeLight.json */ = {isa = PBXFileReference; fileEncoding = 4; lastKnownFileType = text.json; path = GMapsThemeLight.json; sourceTree = "<group>"; };
		AE7563C823A037B50094022B /* umbagog.jpg */ = {isa = PBXFileReference; lastKnownFileType = image.jpeg; path = umbagog.jpg; sourceTree = "<group>"; };
		AE7563C923A037B50094022B /* restaurantData.json */ = {isa = PBXFileReference; fileEncoding = 4; lastKnownFileType = text.json; path = restaurantData.json; sourceTree = "<group>"; };
		AE7563CA23A037B50094022B /* chincoteague.jpg */ = {isa = PBXFileReference; lastKnownFileType = image.jpeg; path = chincoteague.jpg; sourceTree = "<group>"; };
		AE7563CB23A037B50094022B /* stmarylake.jpg */ = {isa = PBXFileReference; lastKnownFileType = image.jpeg; path = stmarylake.jpg; sourceTree = "<group>"; };
		AE7563CC23A037B50094022B /* GMapsDarkMode.json */ = {isa = PBXFileReference; fileEncoding = 4; lastKnownFileType = text.json; path = GMapsDarkMode.json; sourceTree = "<group>"; };
		AE7563CD23A037B50094022B /* chilkoottrail.jpg */ = {isa = PBXFileReference; lastKnownFileType = image.jpeg; path = chilkoottrail.jpg; sourceTree = "<group>"; };
		AE7563CE23A037B50094022B /* rainbowlake.jpg */ = {isa = PBXFileReference; lastKnownFileType = image.jpeg; path = rainbowlake.jpg; sourceTree = "<group>"; };
		AE7563E223A038190094022B /* Array.swift */ = {isa = PBXFileReference; lastKnownFileType = sourcecode.swift; path = Array.swift; sourceTree = "<group>"; };
		AE7563E423A038300094022B /* SearchInput.swift */ = {isa = PBXFileReference; lastKnownFileType = sourcecode.swift; path = SearchInput.swift; sourceTree = "<group>"; };
		AE7563E623A03D3C0094022B /* FeatureCard.swift */ = {isa = PBXFileReference; lastKnownFileType = sourcecode.swift; path = FeatureCard.swift; sourceTree = "<group>"; };
		AE7563E823A03D570094022B /* MagicMove.swift */ = {isa = PBXFileReference; lastKnownFileType = sourcecode.swift; path = MagicMove.swift; sourceTree = "<group>"; };
		AE861A7823A0651D004096BF /* Keyboard.swift */ = {isa = PBXFileReference; lastKnownFileType = sourcecode.swift; path = Keyboard.swift; sourceTree = "<group>"; };
		AE861A7A23A06EDC004096BF /* BarArrow.swift */ = {isa = PBXFileReference; lastKnownFileType = sourcecode.swift; path = BarArrow.swift; sourceTree = "<group>"; };
		AE861A7E23A07D81004096BF /* HomeMapControls.swift */ = {isa = PBXFileReference; lastKnownFileType = sourcecode.swift; path = HomeMapControls.swift; sourceTree = "<group>"; };
		AE861A8023A16DA6004096BF /* TopNav.swift */ = {isa = PBXFileReference; lastKnownFileType = sourcecode.swift; path = TopNav.swift; sourceTree = "<group>"; };
		AE861A8223A171D2004096BF /* TopNavSearch.swift */ = {isa = PBXFileReference; lastKnownFileType = sourcecode.swift; path = TopNavSearch.swift; sourceTree = "<group>"; };
		AE861A8423A17209004096BF /* TopNavSearchResults.swift */ = {isa = PBXFileReference; lastKnownFileType = sourcecode.swift; path = TopNavSearchResults.swift; sourceTree = "<group>"; };
		AE861A8623A1727B004096BF /* TopNavMenuButton.swift */ = {isa = PBXFileReference; lastKnownFileType = sourcecode.swift; path = TopNavMenuButton.swift; sourceTree = "<group>"; };
		AE861A8823A172E8004096BF /* BlurView.swift */ = {isa = PBXFileReference; lastKnownFileType = sourcecode.swift; path = BlurView.swift; sourceTree = "<group>"; };
		AE8D7D2C23ADA93600BD1D68 /* ButtonBordered.swift */ = {isa = PBXFileReference; lastKnownFileType = sourcecode.swift; path = ButtonBordered.swift; sourceTree = "<group>"; };
		AEA331EE23A3371D00B36A23 /* DishSidebarView.swift */ = {isa = PBXFileReference; lastKnownFileType = sourcecode.swift; path = DishSidebarView.swift; sourceTree = "<group>"; };
		AEA331F023A3373D00B36A23 /* LoginSignupView.swift */ = {isa = PBXFileReference; lastKnownFileType = sourcecode.swift; path = LoginSignupView.swift; sourceTree = "<group>"; };
		AEA331F423A3381200B36A23 /* DishInput.swift */ = {isa = PBXFileReference; lastKnownFileType = sourcecode.swift; path = DishInput.swift; sourceTree = "<group>"; };
		AEA331F623A3382100B36A23 /* DishButton.swift */ = {isa = PBXFileReference; lastKnownFileType = sourcecode.swift; path = DishButton.swift; sourceTree = "<group>"; };
		AEA331F823A3385000B36A23 /* InlineAlertView.swift */ = {isa = PBXFileReference; lastKnownFileType = sourcecode.swift; path = InlineAlertView.swift; sourceTree = "<group>"; };
		AEA331FA23A338F400B36A23 /* KeyboardHost.swift */ = {isa = PBXFileReference; lastKnownFileType = sourcecode.swift; path = KeyboardHost.swift; sourceTree = "<group>"; };
		AEAE67EB23B5A70A00B9D781 /* LocationState.swift */ = {isa = PBXFileReference; lastKnownFileType = sourcecode.swift; path = LocationState.swift; sourceTree = "<group>"; };
		AEED843D23B5A8E000407266 /* Mocks.swift */ = {isa = PBXFileReference; lastKnownFileType = sourcecode.swift; name = Mocks.swift; path = "/Users/nw/dish/apps/ios/new-dish/Store/Mocks.swift"; sourceTree = "<absolute>"; };
		AEED844023B6707100407266 /* DishMap.swift */ = {isa = PBXFileReference; lastKnownFileType = sourcecode.swift; path = DishMap.swift; sourceTree = "<group>"; };
		AEED844223B6712000407266 /* HomeCardsView.swift */ = {isa = PBXFileReference; lastKnownFileType = sourcecode.swift; path = HomeCardsView.swift; sourceTree = "<group>"; };
		AEED844423B672D000407266 /* TopNavCamera.swift */ = {isa = PBXFileReference; lastKnownFileType = sourcecode.swift; path = TopNavCamera.swift; sourceTree = "<group>"; };
		AEF6556E23B0248200E49A51 /* FilterButton.swift */ = {isa = PBXFileReference; lastKnownFileType = sourcecode.swift; path = FilterButton.swift; sourceTree = "<group>"; };
		AEF6557023B024A100E49A51 /* ScrollListener.swift */ = {isa = PBXFileReference; lastKnownFileType = sourcecode.swift; path = ScrollListener.swift; sourceTree = "<group>"; };
		AEF6557223B03F6F00E49A51 /* dishData.json */ = {isa = PBXFileReference; lastKnownFileType = text.json; path = dishData.json; sourceTree = "<group>"; };
		AEF6557323B0407000E49A51 /* ImageStore.swift */ = {isa = PBXFileReference; lastKnownFileType = sourcecode.swift; path = ImageStore.swift; sourceTree = "<group>"; };
		AEF6557623B041C400E49A51 /* RestaurantItem.swift */ = {isa = PBXFileReference; lastKnownFileType = sourcecode.swift; path = RestaurantItem.swift; sourceTree = "<group>"; };
		AEF6557823B041F600E49A51 /* DishItem.swift */ = {isa = PBXFileReference; lastKnownFileType = sourcecode.swift; path = DishItem.swift; sourceTree = "<group>"; };
		AEF6557A23B042CD00E49A51 /* HomeSearchBar.swift */ = {isa = PBXFileReference; lastKnownFileType = sourcecode.swift; path = HomeSearchBar.swift; sourceTree = "<group>"; };
		AEF6557E23B14DBA00E49A51 /* ContextMenuView.swift */ = {isa = PBXFileReference; lastKnownFileType = sourcecode.swift; path = ContextMenuView.swift; sourceTree = "<group>"; };
		AEF6558023B2205F00E49A51 /* HomeMainContent.swift */ = {isa = PBXFileReference; lastKnownFileType = sourcecode.swift; path = HomeMainContent.swift; sourceTree = "<group>"; };
		AEF6558323B59BC000E49A51 /* HomeState.swift */ = {isa = PBXFileReference; lastKnownFileType = sourcecode.swift; path = HomeState.swift; sourceTree = "<group>"; };
		B343F398A6E8C95D41FD1804 /* Pods_new_dish.framework */ = {isa = PBXFileReference; explicitFileType = wrapper.framework; includeInIndex = 0; path = Pods_new_dish.framework; sourceTree = BUILT_PRODUCTS_DIR; };
/* End PBXFileReference section */

/* Begin PBXFrameworksBuildPhase section */
		1CE3545E23986B1B004B3A84 /* Frameworks */ = {
			isa = PBXFrameworksBuildPhase;
			buildActionMask = 2147483647;
			files = (
				C7BDB448CA7019F5B1D6545F /* Pods_new_dish.framework in Frameworks */,
			);
			runOnlyForDeploymentPostprocessing = 0;
		};
/* End PBXFrameworksBuildPhase section */

/* Begin PBXGroup section */
		1CE3545823986B1B004B3A84 = {
			isa = PBXGroup;
			children = (
				1CE3546323986B1B004B3A84 /* new-dish */,
				1CE3546223986B1B004B3A84 /* Products */,
				B08534291B7EB4653A4EA4FF /* Pods */,
				A8BD4A71AA7B4F5BF3A0A2A5 /* Frameworks */,
			);
			sourceTree = "<group>";
		};
		1CE3546223986B1B004B3A84 /* Products */ = {
			isa = PBXGroup;
			children = (
				1CE3546123986B1B004B3A84 /* new-dish.app */,
			);
			name = Products;
			sourceTree = "<group>";
		};
		1CE3546323986B1B004B3A84 /* new-dish */ = {
			isa = PBXGroup;
			children = (
				1CE3546423986B1B004B3A84 /* AppDelegate.swift */,
				1CE3546623986B1B004B3A84 /* SceneDelegate.swift */,
				1CE3546823986B1B004B3A84 /* RootView.swift */,
				1CE3547823986B2A004B3A84 /* Features */,
				AEF6558223B59A8000E49A51 /* Store */,
				1CE3547A23986B5D004B3A84 /* Model */,
				1CE3547D23986B70004B3A84 /* Views */,
				AE7563BD23A037B50094022B /* Resources */,
				1CE3547C23986B69004B3A84 /* Extensions */,
				1CE3546A23986B1C004B3A84 /* Assets.xcassets */,
				1CE3547223986B1C004B3A84 /* Info.plist */,
				1CE3546F23986B1C004B3A84 /* LaunchScreen.storyboard */,
				1CE3546C23986B1C004B3A84 /* Preview Content */,
			);
			path = "new-dish";
			sourceTree = "<group>";
		};
		1CE3546C23986B1C004B3A84 /* Preview Content */ = {
			isa = PBXGroup;
			children = (
				1CE3546D23986B1C004B3A84 /* Preview Assets.xcassets */,
			);
			path = "Preview Content";
			sourceTree = "<group>";
		};
		1CE3547823986B2A004B3A84 /* Features */ = {
			isa = PBXGroup;
			children = (
				AE2B6BA023AAD67E007BCD25 /* TopNav */,
				AE2B6B9F23AAB779007BCD25 /* BottomNav */,
				1CE3548423986DDD004B3A84 /* Home */,
				AEA331ED23A3370200B36A23 /* Sidebar */,
				AEED844623B6733600407266 /* Camera */,
				AEED843F23B6706400407266 /* DishMap */,
				AE2B6BA123AB3620007BCD25 /* Test.swift */,
			);
			path = Features;
			sourceTree = "<group>";
		};
		1CE3547A23986B5D004B3A84 /* Model */ = {
			isa = PBXGroup;
			children = (
				AE7563B723A036500094022B /* Screen.swift */,
				AE7563BB23A037870094022B /* Fixtures.swift */,
				AEF6557623B041C400E49A51 /* RestaurantItem.swift */,
				AEF6557823B041F600E49A51 /* DishItem.swift */,
				AE861A7823A0651D004096BF /* Keyboard.swift */,
				AEF6557323B0407000E49A51 /* ImageStore.swift */,
			);
			path = Model;
			sourceTree = "<group>";
		};
		1CE3547C23986B69004B3A84 /* Extensions */ = {
			isa = PBXGroup;
			children = (
				1CE3548023986BC1004B3A84 /* View.swift */,
				AE7563E223A038190094022B /* Array.swift */,
				1CE2393023A19722006B7AFD /* Environment.swift */,
			);
			path = Extensions;
			sourceTree = "<group>";
		};
		1CE3547D23986B70004B3A84 /* Views */ = {
			isa = PBXGroup;
			children = (
				AE861A7A23A06EDC004096BF /* BarArrow.swift */,
				AE861A8823A172E8004096BF /* BlurView.swift */,
				1CE35489239871CB004B3A84 /* BottomSheetView.swift */,
				AE8D7D2C23ADA93600BD1D68 /* ButtonBordered.swift */,
				AEF6557E23B14DBA00E49A51 /* ContextMenuView.swift */,
				AEA331F623A3382100B36A23 /* DishButton.swift */,
				AEA331F423A3381200B36A23 /* DishInput.swift */,
				AE7563E623A03D3C0094022B /* FeatureCard.swift */,
				AEA331F823A3385000B36A23 /* InlineAlertView.swift */,
				AEA331FA23A338F400B36A23 /* KeyboardHost.swift */,
				AE7563E823A03D570094022B /* MagicMove.swift */,
				1CE35485239870E8004B3A84 /* MapView.swift */,
				1CCEDF51239DC7C9003EE228 /* PagerView.swift */,
				AE7563E423A038300094022B /* SearchInput.swift */,
				1C6B321923A2A06100F0A7E6 /* SideDrawerView.swift */,
				AE56C86523ADD977006A156A /* TagView.swift */,
				AE2B6BA323AC211F007BCD25 /* VerticalCardPager.swift */,
				AEF6556E23B0248200E49A51 /* FilterButton.swift */,
				AEF6557023B024A100E49A51 /* ScrollListener.swift */,
			);
			path = Views;
			sourceTree = "<group>";
		};
		1CE3548423986DDD004B3A84 /* Home */ = {
			isa = PBXGroup;
			children = (
				1C3CFE6323998FF2004B2EEA /* HomeContainerView.swift */,
				1CE354872398714D004B3A84 /* HomeView.swift */,
				AE7563B323A035E70094022B /* HomeMainView.swift */,
				AEF6558023B2205F00E49A51 /* HomeMainContent.swift */,
				AEED844223B6712000407266 /* HomeCardsView.swift */,
				AEF6557A23B042CD00E49A51 /* HomeSearchBar.swift */,
				AE56C86323ADB78C006A156A /* HomeSearchResults.swift */,
				AE861A7E23A07D81004096BF /* HomeMapControls.swift */,
			);
			path = Home;
			sourceTree = "<group>";
		};
		A8BD4A71AA7B4F5BF3A0A2A5 /* Frameworks */ = {
			isa = PBXGroup;
			children = (
				B343F398A6E8C95D41FD1804 /* Pods_new_dish.framework */,
			);
			name = Frameworks;
			sourceTree = "<group>";
		};
		AE2B6B9F23AAB779007BCD25 /* BottomNav */ = {
			isa = PBXGroup;
			children = (
				AE6CECCC23A843E600B08870 /* BottomNav.swift */,
			);
			path = BottomNav;
			sourceTree = "<group>";
		};
		AE2B6BA023AAD67E007BCD25 /* TopNav */ = {
			isa = PBXGroup;
			children = (
				AE861A8023A16DA6004096BF /* TopNav.swift */,
				AE861A8623A1727B004096BF /* TopNavMenuButton.swift */,
				AE861A8423A17209004096BF /* TopNavSearchResults.swift */,
				AE861A8223A171D2004096BF /* TopNavSearch.swift */,
			);
			path = TopNav;
			sourceTree = "<group>";
		};
		AE7563BD23A037B50094022B /* Resources */ = {
			isa = PBXGroup;
			children = (
				AE7563C923A037B50094022B /* restaurantData.json */,
				AEF6557223B03F6F00E49A51 /* dishData.json */,
				AE7563BE23A037B50094022B /* GMapsThemeModest.json */,
				AE7563BF23A037B50094022B /* charleyrivers.jpg */,
				AE7563C023A037B50094022B /* turtlerock.jpg */,
				AE7563C123A037B50094022B /* silversalmoncreek.jpg */,
				AE7563C323A037B50094022B /* icybay.jpg */,
				AE7563C423A037B50094022B /* lakemcdonald.jpg */,
				AE7563C523A037B50094022B /* hiddenlake.jpg */,
				AE7563C623A037B50094022B /* twinlake.jpg */,
				AE7563C723A037B50094022B /* GMapsThemeLight.json */,
				AE7563C823A037B50094022B /* umbagog.jpg */,
				AE7563CA23A037B50094022B /* chincoteague.jpg */,
				AE7563CB23A037B50094022B /* stmarylake.jpg */,
				AE7563CC23A037B50094022B /* GMapsDarkMode.json */,
				AE7563CD23A037B50094022B /* chilkoottrail.jpg */,
				AE7563CE23A037B50094022B /* rainbowlake.jpg */,
			);
			name = Resources;
			path = "../../cur-ios/Dish/Resources";
			sourceTree = "<group>";
		};
		AEA331ED23A3370200B36A23 /* Sidebar */ = {
			isa = PBXGroup;
			children = (
				AEA331EE23A3371D00B36A23 /* DishSidebarView.swift */,
				AEA331F023A3373D00B36A23 /* LoginSignupView.swift */,
			);
			path = Sidebar;
			sourceTree = "<group>";
		};
		AEED843F23B6706400407266 /* DishMap */ = {
			isa = PBXGroup;
			children = (
				AEED844023B6707100407266 /* DishMap.swift */,
			);
			path = DishMap;
			sourceTree = "<group>";
		};
		AEED844623B6733600407266 /* Camera */ = {
			isa = PBXGroup;
			children = (
				AEED844423B672D000407266 /* TopNavCamera.swift */,
			);
			path = Camera;
			sourceTree = "<group>";
		};
		AEF6558223B59A8000E49A51 /* Store */ = {
			isa = PBXGroup;
			children = (
				1CE3548223986C5C004B3A84 /* App.swift */,
				AEED843D23B5A8E000407266 /* Mocks.swift */,
				AEAE67EB23B5A70A00B9D781 /* LocationState.swift */,
				AEF6558323B59BC000E49A51 /* HomeState.swift */,
				1CE3547E23986B88004B3A84 /* Store.swift */,
			);
			path = Store;
			sourceTree = "<group>";
		};
		B08534291B7EB4653A4EA4FF /* Pods */ = {
			isa = PBXGroup;
			children = (
				24F0B5F55B1972A7519C9B3C /* Pods-new-dish.debug.xcconfig */,
				958FBEA937B7052DE007A65D /* Pods-new-dish.release.xcconfig */,
			);
			path = Pods;
			sourceTree = "<group>";
		};
/* End PBXGroup section */

/* Begin PBXNativeTarget section */
		1CE3546023986B1B004B3A84 /* new-dish */ = {
			isa = PBXNativeTarget;
			buildConfigurationList = 1CE3547523986B1C004B3A84 /* Build configuration list for PBXNativeTarget "new-dish" */;
			buildPhases = (
				4EF216240C62D49CD1E9EF24 /* [CP] Check Pods Manifest.lock */,
				1CE3545D23986B1B004B3A84 /* Sources */,
				1CE3545E23986B1B004B3A84 /* Frameworks */,
				1CE3545F23986B1B004B3A84 /* Resources */,
				1BA3C3E1502560BE33CC9F03 /* [CP] Embed Pods Frameworks */,
				27936A0E3A675C7027A97E70 /* [CP] Copy Pods Resources */,
			);
			buildRules = (
			);
			dependencies = (
			);
			name = "new-dish";
			productName = "new-dish";
			productReference = 1CE3546123986B1B004B3A84 /* new-dish.app */;
			productType = "com.apple.product-type.application";
		};
/* End PBXNativeTarget section */

/* Begin PBXProject section */
		1CE3545923986B1B004B3A84 /* Project object */ = {
			isa = PBXProject;
			attributes = {
				LastSwiftUpdateCheck = 1120;
				LastUpgradeCheck = 1120;
				ORGANIZATIONNAME = "Majid Jabrayilov";
				TargetAttributes = {
					1CE3546023986B1B004B3A84 = {
						CreatedOnToolsVersion = 11.2.1;
					};
				};
			};
			buildConfigurationList = 1CE3545C23986B1B004B3A84 /* Build configuration list for PBXProject "new-dish" */;
			compatibilityVersion = "Xcode 9.3";
			developmentRegion = en;
			hasScannedForEncodings = 0;
			knownRegions = (
				en,
				Base,
			);
			mainGroup = 1CE3545823986B1B004B3A84;
			productRefGroup = 1CE3546223986B1B004B3A84 /* Products */;
			projectDirPath = "";
			projectRoot = "";
			targets = (
				1CE3546023986B1B004B3A84 /* new-dish */,
			);
		};
/* End PBXProject section */

/* Begin PBXResourcesBuildPhase section */
		1CE3545F23986B1B004B3A84 /* Resources */ = {
			isa = PBXResourcesBuildPhase;
			buildActionMask = 2147483647;
			files = (
				AE7563DF23A037B50094022B /* rainbowlake.jpg in Resources */,
				AE7563DE23A037B50094022B /* chilkoottrail.jpg in Resources */,
				AE7563D023A037B50094022B /* charleyrivers.jpg in Resources */,
				AE7563D923A037B50094022B /* umbagog.jpg in Resources */,
				AE7563CF23A037B50094022B /* GMapsThemeModest.json in Resources */,
				AE7563D123A037B50094022B /* turtlerock.jpg in Resources */,
				AE7563D823A037B50094022B /* GMapsThemeLight.json in Resources */,
				1CE3547123986B1C004B3A84 /* LaunchScreen.storyboard in Resources */,
				AE7563D623A037B50094022B /* hiddenlake.jpg in Resources */,
				AE7563DA23A037B50094022B /* restaurantData.json in Resources */,
				AE7563DD23A037B50094022B /* GMapsDarkMode.json in Resources */,
				AEF6557523B0411E00E49A51 /* dishData.json in Resources */,
				AE7563D723A037B50094022B /* twinlake.jpg in Resources */,
				AE7563D223A037B50094022B /* silversalmoncreek.jpg in Resources */,
				AE7563D523A037B50094022B /* lakemcdonald.jpg in Resources */,
				AE7563DC23A037B50094022B /* stmarylake.jpg in Resources */,
				1CE3546E23986B1C004B3A84 /* Preview Assets.xcassets in Resources */,
				AE7563D423A037B50094022B /* icybay.jpg in Resources */,
				AE7563DB23A037B50094022B /* chincoteague.jpg in Resources */,
				1CE3546B23986B1C004B3A84 /* Assets.xcassets in Resources */,
			);
			runOnlyForDeploymentPostprocessing = 0;
		};
/* End PBXResourcesBuildPhase section */

/* Begin PBXShellScriptBuildPhase section */
		1BA3C3E1502560BE33CC9F03 /* [CP] Embed Pods Frameworks */ = {
			isa = PBXShellScriptBuildPhase;
			buildActionMask = 2147483647;
			files = (
			);
			inputFileListPaths = (
				"${PODS_ROOT}/Target Support Files/Pods-new-dish/Pods-new-dish-frameworks-${CONFIGURATION}-input-files.xcfilelist",
			);
			name = "[CP] Embed Pods Frameworks";
			outputFileListPaths = (
				"${PODS_ROOT}/Target Support Files/Pods-new-dish/Pods-new-dish-frameworks-${CONFIGURATION}-output-files.xcfilelist",
			);
			runOnlyForDeploymentPostprocessing = 0;
			shellPath = /bin/sh;
			shellScript = "\"${PODS_ROOT}/Target Support Files/Pods-new-dish/Pods-new-dish-frameworks.sh\"\n";
			showEnvVarsInLog = 0;
		};
		27936A0E3A675C7027A97E70 /* [CP] Copy Pods Resources */ = {
			isa = PBXShellScriptBuildPhase;
			buildActionMask = 2147483647;
			files = (
			);
			inputFileListPaths = (
				"${PODS_ROOT}/Target Support Files/Pods-new-dish/Pods-new-dish-resources-${CONFIGURATION}-input-files.xcfilelist",
			);
			name = "[CP] Copy Pods Resources";
			outputFileListPaths = (
				"${PODS_ROOT}/Target Support Files/Pods-new-dish/Pods-new-dish-resources-${CONFIGURATION}-output-files.xcfilelist",
			);
			runOnlyForDeploymentPostprocessing = 0;
			shellPath = /bin/sh;
			shellScript = "\"${PODS_ROOT}/Target Support Files/Pods-new-dish/Pods-new-dish-resources.sh\"\n";
			showEnvVarsInLog = 0;
		};
		4EF216240C62D49CD1E9EF24 /* [CP] Check Pods Manifest.lock */ = {
			isa = PBXShellScriptBuildPhase;
			buildActionMask = 2147483647;
			files = (
			);
			inputFileListPaths = (
			);
			inputPaths = (
				"${PODS_PODFILE_DIR_PATH}/Podfile.lock",
				"${PODS_ROOT}/Manifest.lock",
			);
			name = "[CP] Check Pods Manifest.lock";
			outputFileListPaths = (
			);
			outputPaths = (
				"$(DERIVED_FILE_DIR)/Pods-new-dish-checkManifestLockResult.txt",
			);
			runOnlyForDeploymentPostprocessing = 0;
			shellPath = /bin/sh;
			shellScript = "diff \"${PODS_PODFILE_DIR_PATH}/Podfile.lock\" \"${PODS_ROOT}/Manifest.lock\" > /dev/null\nif [ $? != 0 ] ; then\n    # print error to STDERR\n    echo \"error: The sandbox is not in sync with the Podfile.lock. Run 'pod install' or update your CocoaPods installation.\" >&2\n    exit 1\nfi\n# This output is used by Xcode 'outputs' to avoid re-running this script phase.\necho \"SUCCESS\" > \"${SCRIPT_OUTPUT_FILE_0}\"\n";
			showEnvVarsInLog = 0;
		};
/* End PBXShellScriptBuildPhase section */

/* Begin PBXSourcesBuildPhase section */
		1CE3545D23986B1B004B3A84 /* Sources */ = {
			isa = PBXSourcesBuildPhase;
			buildActionMask = 2147483647;
			files = (
				1CE35486239870E8004B3A84 /* MapView.swift in Sources */,
				1CCEDF52239DC7C9003EE228 /* PagerView.swift in Sources */,
				AEF6557423B0407000E49A51 /* ImageStore.swift in Sources */,
				AE2B6BA223AB3620007BCD25 /* Test.swift in Sources */,
				AE7563B423A035E70094022B /* HomeMainView.swift in Sources */,
				AE7563E323A038190094022B /* Array.swift in Sources */,
				AE7563BC23A037870094022B /* Fixtures.swift in Sources */,
				AE2B6BA423AC211F007BCD25 /* VerticalCardPager.swift in Sources */,
				1CE3546523986B1B004B3A84 /* AppDelegate.swift in Sources */,
				1CE3548A239871CB004B3A84 /* BottomSheetView.swift in Sources */,
				AEED844123B6707100407266 /* DishMap.swift in Sources */,
				AEED844323B6712000407266 /* HomeCardsView.swift in Sources */,
				1C3CFE6423998FF2004B2EEA /* HomeContainerView.swift in Sources */,
				AE861A7F23A07D81004096BF /* HomeMapControls.swift in Sources */,
				AEA331FB23A338F400B36A23 /* KeyboardHost.swift in Sources */,
				AE7563E523A038300094022B /* SearchInput.swift in Sources */,
				1CE3546723986B1B004B3A84 /* SceneDelegate.swift in Sources */,
				AE7563B823A036500094022B /* Screen.swift in Sources */,
				1CE3548123986BC1004B3A84 /* View.swift in Sources */,
				AEA331F723A3382100B36A23 /* DishButton.swift in Sources */,
				AE56C86423ADB78C006A156A /* HomeSearchResults.swift in Sources */,
				AE8D7D2D23ADA93600BD1D68 /* ButtonBordered.swift in Sources */,
				AEED844523B672D000407266 /* TopNavCamera.swift in Sources */,
				1CE3548323986C5C004B3A84 /* App.swift in Sources */,
				AEF6556F23B0248200E49A51 /* FilterButton.swift in Sources */,
				AEAE67EC23B5A70A00B9D781 /* LocationState.swift in Sources */,
				AE861A7923A0651D004096BF /* Keyboard.swift in Sources */,
				AE861A8123A16DA6004096BF /* TopNav.swift in Sources */,
				AEF6558423B59BC000E49A51 /* HomeState.swift in Sources */,
				AE861A8923A172E8004096BF /* BlurView.swift in Sources */,
				AEF6557F23B14DBA00E49A51 /* ContextMenuView.swift in Sources */,
				AE861A8723A1727B004096BF /* TopNavMenuButton.swift in Sources */,
				AEF6557B23B042CD00E49A51 /* HomeSearchBar.swift in Sources */,
				AEA331F923A3385000B36A23 /* InlineAlertView.swift in Sources */,
				AEED843E23B5A8E000407266 /* Mocks.swift in Sources */,
				AEA331EF23A3371D00B36A23 /* DishSidebarView.swift in Sources */,
				1CE2393123A19722006B7AFD /* Environment.swift in Sources */,
				AEF6557723B041C400E49A51 /* RestaurantItem.swift in Sources */,
				AEF6557923B041F600E49A51 /* DishItem.swift in Sources */,
				AEA331F523A3381200B36A23 /* DishInput.swift in Sources */,
				1C6B321A23A2A06100F0A7E6 /* SideDrawerView.swift in Sources */,
				AEA331F123A3373D00B36A23 /* LoginSignupView.swift in Sources */,
				1CE354882398714D004B3A84 /* HomeView.swift in Sources */,
				AE861A8523A17209004096BF /* TopNavSearchResults.swift in Sources */,
				1CE3546923986B1B004B3A84 /* RootView.swift in Sources */,
				AE7563E723A03D3C0094022B /* FeatureCard.swift in Sources */,
				AE6CECCD23A843E600B08870 /* BottomNav.swift in Sources */,
				AE861A7B23A06EDC004096BF /* BarArrow.swift in Sources */,
				AE861A8323A171D2004096BF /* TopNavSearch.swift in Sources */,
				AEF6557123B024A100E49A51 /* ScrollListener.swift in Sources */,
				AEF6558123B2205F00E49A51 /* HomeMainContent.swift in Sources */,
				AE7563E923A03D570094022B /* MagicMove.swift in Sources */,
				1CE3547F23986B88004B3A84 /* Store.swift in Sources */,
				AE56C86623ADD977006A156A /* TagView.swift in Sources */,
			);
			runOnlyForDeploymentPostprocessing = 0;
		};
/* End PBXSourcesBuildPhase section */

/* Begin PBXVariantGroup section */
		1CE3546F23986B1C004B3A84 /* LaunchScreen.storyboard */ = {
			isa = PBXVariantGroup;
			children = (
				1CE3547023986B1C004B3A84 /* Base */,
			);
			name = LaunchScreen.storyboard;
			sourceTree = "<group>";
		};
/* End PBXVariantGroup section */

/* Begin XCBuildConfiguration section */
		1CE3547323986B1C004B3A84 /* Debug */ = {
			isa = XCBuildConfiguration;
			buildSettings = {
				ALWAYS_SEARCH_USER_PATHS = NO;
				CLANG_ANALYZER_NONNULL = YES;
				CLANG_ANALYZER_NUMBER_OBJECT_CONVERSION = YES_AGGRESSIVE;
				CLANG_CXX_LANGUAGE_STANDARD = "gnu++14";
				CLANG_CXX_LIBRARY = "libc++";
				CLANG_ENABLE_MODULES = YES;
				CLANG_ENABLE_OBJC_ARC = YES;
				CLANG_ENABLE_OBJC_WEAK = YES;
				CLANG_WARN_BLOCK_CAPTURE_AUTORELEASING = YES;
				CLANG_WARN_BOOL_CONVERSION = YES;
				CLANG_WARN_COMMA = YES;
				CLANG_WARN_CONSTANT_CONVERSION = YES;
				CLANG_WARN_DEPRECATED_OBJC_IMPLEMENTATIONS = YES;
				CLANG_WARN_DIRECT_OBJC_ISA_USAGE = YES_ERROR;
				CLANG_WARN_DOCUMENTATION_COMMENTS = YES;
				CLANG_WARN_EMPTY_BODY = YES;
				CLANG_WARN_ENUM_CONVERSION = YES;
				CLANG_WARN_INFINITE_RECURSION = YES;
				CLANG_WARN_INT_CONVERSION = YES;
				CLANG_WARN_NON_LITERAL_NULL_CONVERSION = YES;
				CLANG_WARN_OBJC_IMPLICIT_RETAIN_SELF = YES;
				CLANG_WARN_OBJC_LITERAL_CONVERSION = YES;
				CLANG_WARN_OBJC_ROOT_CLASS = YES_ERROR;
				CLANG_WARN_RANGE_LOOP_ANALYSIS = YES;
				CLANG_WARN_STRICT_PROTOTYPES = YES;
				CLANG_WARN_SUSPICIOUS_MOVE = YES;
				CLANG_WARN_UNGUARDED_AVAILABILITY = YES_AGGRESSIVE;
				CLANG_WARN_UNREACHABLE_CODE = YES;
				CLANG_WARN__DUPLICATE_METHOD_MATCH = YES;
				COPY_PHASE_STRIP = NO;
				DEBUG_INFORMATION_FORMAT = dwarf;
				ENABLE_STRICT_OBJC_MSGSEND = YES;
				ENABLE_TESTABILITY = YES;
				GCC_C_LANGUAGE_STANDARD = gnu11;
				GCC_DYNAMIC_NO_PIC = NO;
				GCC_NO_COMMON_BLOCKS = YES;
				GCC_OPTIMIZATION_LEVEL = 0;
				GCC_PREPROCESSOR_DEFINITIONS = (
					"DEBUG=1",
					"$(inherited)",
				);
				GCC_WARN_64_TO_32_BIT_CONVERSION = YES;
				GCC_WARN_ABOUT_RETURN_TYPE = YES_ERROR;
				GCC_WARN_UNDECLARED_SELECTOR = YES;
				GCC_WARN_UNINITIALIZED_AUTOS = YES_AGGRESSIVE;
				GCC_WARN_UNUSED_FUNCTION = YES;
				GCC_WARN_UNUSED_VARIABLE = YES;
				IPHONEOS_DEPLOYMENT_TARGET = 13.2;
				MTL_ENABLE_DEBUG_INFO = INCLUDE_SOURCE;
				MTL_FAST_MATH = YES;
				ONLY_ACTIVE_ARCH = YES;
				SDKROOT = iphoneos;
				SWIFT_ACTIVE_COMPILATION_CONDITIONS = DEBUG;
				SWIFT_OPTIMIZATION_LEVEL = "-Onone";
			};
			name = Debug;
		};
		1CE3547423986B1C004B3A84 /* Release */ = {
			isa = XCBuildConfiguration;
			buildSettings = {
				ALWAYS_SEARCH_USER_PATHS = NO;
				CLANG_ANALYZER_NONNULL = YES;
				CLANG_ANALYZER_NUMBER_OBJECT_CONVERSION = YES_AGGRESSIVE;
				CLANG_CXX_LANGUAGE_STANDARD = "gnu++14";
				CLANG_CXX_LIBRARY = "libc++";
				CLANG_ENABLE_MODULES = YES;
				CLANG_ENABLE_OBJC_ARC = YES;
				CLANG_ENABLE_OBJC_WEAK = YES;
				CLANG_WARN_BLOCK_CAPTURE_AUTORELEASING = YES;
				CLANG_WARN_BOOL_CONVERSION = YES;
				CLANG_WARN_COMMA = YES;
				CLANG_WARN_CONSTANT_CONVERSION = YES;
				CLANG_WARN_DEPRECATED_OBJC_IMPLEMENTATIONS = YES;
				CLANG_WARN_DIRECT_OBJC_ISA_USAGE = YES_ERROR;
				CLANG_WARN_DOCUMENTATION_COMMENTS = YES;
				CLANG_WARN_EMPTY_BODY = YES;
				CLANG_WARN_ENUM_CONVERSION = YES;
				CLANG_WARN_INFINITE_RECURSION = YES;
				CLANG_WARN_INT_CONVERSION = YES;
				CLANG_WARN_NON_LITERAL_NULL_CONVERSION = YES;
				CLANG_WARN_OBJC_IMPLICIT_RETAIN_SELF = YES;
				CLANG_WARN_OBJC_LITERAL_CONVERSION = YES;
				CLANG_WARN_OBJC_ROOT_CLASS = YES_ERROR;
				CLANG_WARN_RANGE_LOOP_ANALYSIS = YES;
				CLANG_WARN_STRICT_PROTOTYPES = YES;
				CLANG_WARN_SUSPICIOUS_MOVE = YES;
				CLANG_WARN_UNGUARDED_AVAILABILITY = YES_AGGRESSIVE;
				CLANG_WARN_UNREACHABLE_CODE = YES;
				CLANG_WARN__DUPLICATE_METHOD_MATCH = YES;
				COPY_PHASE_STRIP = NO;
				DEBUG_INFORMATION_FORMAT = "dwarf-with-dsym";
				ENABLE_NS_ASSERTIONS = NO;
				ENABLE_STRICT_OBJC_MSGSEND = YES;
				GCC_C_LANGUAGE_STANDARD = gnu11;
				GCC_NO_COMMON_BLOCKS = YES;
				GCC_WARN_64_TO_32_BIT_CONVERSION = YES;
				GCC_WARN_ABOUT_RETURN_TYPE = YES_ERROR;
				GCC_WARN_UNDECLARED_SELECTOR = YES;
				GCC_WARN_UNINITIALIZED_AUTOS = YES_AGGRESSIVE;
				GCC_WARN_UNUSED_FUNCTION = YES;
				GCC_WARN_UNUSED_VARIABLE = YES;
				IPHONEOS_DEPLOYMENT_TARGET = 13.2;
				MTL_ENABLE_DEBUG_INFO = NO;
				MTL_FAST_MATH = YES;
				SDKROOT = iphoneos;
				SWIFT_COMPILATION_MODE = wholemodule;
				SWIFT_OPTIMIZATION_LEVEL = "-O";
				VALIDATE_PRODUCT = YES;
			};
			name = Release;
		};
		1CE3547623986B1C004B3A84 /* Debug */ = {
			isa = XCBuildConfiguration;
			baseConfigurationReference = 24F0B5F55B1972A7519C9B3C /* Pods-new-dish.debug.xcconfig */;
			buildSettings = {
				ASSETCATALOG_COMPILER_APPICON_NAME = AppIcon;
				CODE_SIGN_STYLE = Automatic;
				DEVELOPMENT_ASSET_PATHS = "\"new-dish/Preview Content\"";
				DEVELOPMENT_TEAM = 399WY8X9HY;
				ENABLE_PREVIEWS = YES;
				INFOPLIST_FILE = "new-dish/Info.plist";
				LD_RUNPATH_SEARCH_PATHS = (
					"$(inherited)",
					"@executable_path/Frameworks",
				);
				PRODUCT_BUNDLE_IDENTIFIER = "com.motion.new-dish";
				PRODUCT_NAME = "$(TARGET_NAME)";
				SWIFT_VERSION = 5.0;
				TARGETED_DEVICE_FAMILY = "1,2";
			};
			name = Debug;
		};
		1CE3547723986B1C004B3A84 /* Release */ = {
			isa = XCBuildConfiguration;
			baseConfigurationReference = 958FBEA937B7052DE007A65D /* Pods-new-dish.release.xcconfig */;
			buildSettings = {
				ASSETCATALOG_COMPILER_APPICON_NAME = AppIcon;
				CODE_SIGN_STYLE = Automatic;
				DEVELOPMENT_ASSET_PATHS = "\"new-dish/Preview Content\"";
				DEVELOPMENT_TEAM = 399WY8X9HY;
				ENABLE_PREVIEWS = YES;
				INFOPLIST_FILE = "new-dish/Info.plist";
				LD_RUNPATH_SEARCH_PATHS = (
					"$(inherited)",
					"@executable_path/Frameworks",
				);
				PRODUCT_BUNDLE_IDENTIFIER = "com.motion.new-dish";
				PRODUCT_NAME = "$(TARGET_NAME)";
				SWIFT_VERSION = 5.0;
				TARGETED_DEVICE_FAMILY = "1,2";
			};
			name = Release;
		};
/* End XCBuildConfiguration section */

/* Begin XCConfigurationList section */
		1CE3545C23986B1B004B3A84 /* Build configuration list for PBXProject "new-dish" */ = {
			isa = XCConfigurationList;
			buildConfigurations = (
				1CE3547323986B1C004B3A84 /* Debug */,
				1CE3547423986B1C004B3A84 /* Release */,
			);
			defaultConfigurationIsVisible = 0;
			defaultConfigurationName = Release;
		};
		1CE3547523986B1C004B3A84 /* Build configuration list for PBXNativeTarget "new-dish" */ = {
			isa = XCConfigurationList;
			buildConfigurations = (
				1CE3547623986B1C004B3A84 /* Debug */,
				1CE3547723986B1C004B3A84 /* Release */,
			);
			defaultConfigurationIsVisible = 0;
			defaultConfigurationName = Release;
		};
/* End XCConfigurationList section */
	};
	rootObject = 1CE3545923986B1B004B3A84 /* Project object */;
}
