PODS:
  - Apollo (0.21.0):
    - Apollo/Core (= 0.21.0)
  - Apollo/Core (0.21.0)
  - Apollo/WebSocket (0.21.0):
    - Apollo/Core
    - Starscream (= 3.1.1)
  - Introspect (0.1.0)
  - ObjcExceptionBridging (1.0.1):
    - ObjcExceptionBridging/ObjcExceptionBridging (= 1.0.1)
  - ObjcExceptionBridging/ObjcExceptionBridging (1.0.1)
  - Starscream (3.1.1)
  - XCGLogger (7.0.0):
    - XCGLogger/Core (= 7.0.0)
  - XCGLogger/Core (7.0.0):
    - ObjcExceptionBridging

DEPENDENCIES:
  - Apollo
  - Apollo/WebSocket
  - "Introspect (from `git@github.com:siteline/SwiftUI-Introspect.git`)"
  - XCGLogger (~> 7.0.0)

SPEC REPOS:
  trunk:
    - Apollo
    - ObjcExceptionBridging
    - Starscream
    - XCGLogger

EXTERNAL SOURCES:
  Introspect:
    :git: "git@github.com:siteline/SwiftUI-Introspect.git"

CHECKOUT OPTIONS:
  Introspect:
    :commit: de5c32c15ae169cfcb27397ffb2734dcd0e1e6d5
    :git: "git@github.com:siteline/SwiftUI-Introspect.git"

SPEC CHECKSUMS:
  Apollo: 56a0aa81b744bf2810a8277e705f155c91ac9055
  Introspect: ad32f2b7b9e7ac2c008b9dfec3d5325fbd3660fa
  ObjcExceptionBridging: c30e00eb3700467e695faeea30e26e18bd445001
  Starscream: 4bb2f9942274833f7b4d296a55504dcfc7edb7b0
  XCGLogger: 0434f15e3909cdc450bb63faf638b8792ab782ab

PODFILE CHECKSUM: 9a97c4742fe8011f7d3352a826918b18838bca92

COCOAPODS: 1.8.4
